// !$*UTF8*$!
{
	archiveVersion = 1;
	classes = {
	};
	objectVersion = 77;
	objects = {

/* Begin PBXBuildFile section */
		02AB8ECED2BAEEB2B7CC18BA /* PreviewViewModel.swift in Sources */ = {isa = PBXBuildFile; fileRef = 8A6E6F60B12048759BD1E60C /* PreviewViewModel.swift */; };
		0974A12540B8D462AFB2C6CF /* textures in Resources */ = {isa = PBXBuildFile; fileRef = B1EC2164F8A3DF317311D2C8 /* textures */; };
		0D238E724D1D19B9165D6D5A /* PreviewViewModel.swift in Sources */ = {isa = PBXBuildFile; fileRef = 81F13602BA30AF5F90605B6C /* PreviewViewModel.swift */; };
		0ED0C53D70F7DDB0D7E3FE16 /* ZoomState.swift in Sources */ = {isa = PBXBuildFile; fileRef = 0688E0FFDF5CFC624EEB29D3 /* ZoomState.swift */; };
		100AF36A76D44046D6CBA6AC /* FormatPicker.swift in Sources */ = {isa = PBXBuildFile; fileRef = F9159A274519F6AA116746B0 /* FormatPicker.swift */; };
		17DE30D481F868766FABA5AB /* FilmstripThumbnail.swift in Sources */ = {isa = PBXBuildFile; fileRef = 5924AD678D9A7C9ED1381741 /* FilmstripThumbnail.swift */; };
		189C0C29CB6FD5F19617D667 /* PresetPreviewGrid.swift in Sources */ = {isa = PBXBuildFile; fileRef = 88CEC286BDB1ADC6E0637ACA /* PresetPreviewGrid.swift */; };
		218BC28CA8616930DD60EB0B /* CanvasView.swift in Sources */ = {isa = PBXBuildFile; fileRef = F0494695FD5895F111514FF4 /* CanvasView.swift */; };
		22B4EA7AD13FDCDD650065E9 /* DesignTokens.swift in Sources */ = {isa = PBXBuildFile; fileRef = F6480868FC28107D0497EDC8 /* DesignTokens.swift */; };
		261407E520DAB7C287F6F41C /* SidebarTrailingUnitCluster.swift in Sources */ = {isa = PBXBuildFile; fileRef = 583D2597C550F8BE5C2A7FDA /* SidebarTrailingUnitCluster.swift */; };
		27840E879F2D1EFA8AC27B30 /* SidebarMetrics.swift in Sources */ = {isa = PBXBuildFile; fileRef = 7A91B04DC698FB944769C025 /* SidebarMetrics.swift */; };
		28B7026CE98DD43E6D9501A9 /* ColorPickerWithHex.swift in Sources */ = {isa = PBXBuildFile; fileRef = 448D6F42AA7A9F492A2E3436 /* ColorPickerWithHex.swift */; };
		2C4077C14DDD32351C143C80 /* LayerDetailView.swift in Sources */ = {isa = PBXBuildFile; fileRef = 1DEB778B387F70ED23D4EBEB /* LayerDetailView.swift */; };
		338A7CAB108690B509EFDEB9 /* SidebarTrailingReadoutCluster.swift in Sources */ = {isa = PBXBuildFile; fileRef = 9742662458DDF186223791B8 /* SidebarTrailingReadoutCluster.swift */; };
		368885FBBB78321CA6E2C3F8 /* ZoomState.swift in Sources */ = {isa = PBXBuildFile; fileRef = 265766D49FCE4081CCC68D33 /* ZoomState.swift */; };
		469EBA583F3674764B8E843A /* LayerListSection.swift in Sources */ = {isa = PBXBuildFile; fileRef = 07CE80E5C2C968E54B507CD5 /* LayerListSection.swift */; };
		46CCDA87AAA5DDD9AB84615F /* SidebarLayoutContainmentTests.swift in Sources */ = {isa = PBXBuildFile; fileRef = 3FE688FA9CD9246744F2CEAD /* SidebarLayoutContainmentTests.swift */; };
		4759FE09BC5EDE6615CB78BD /* FilmstripView.swift in Sources */ = {isa = PBXBuildFile; fileRef = EBB5F2F1E2A0DE99DC5BC5C5 /* FilmstripView.swift */; };
		49F7964DEFAF0AEBB4CFD3EB /* FramerMobileApp.swift in Sources */ = {isa = PBXBuildFile; fileRef = 64DCA5495F4E52EE9549C498 /* FramerMobileApp.swift */; };
		50CB09A593BE412FD9FCC4E8 /* StyledSliderSuffixTests.swift in Sources */ = {isa = PBXBuildFile; fileRef = EC736F64F5D3D3D0E3184EC9 /* StyledSliderSuffixTests.swift */; };
		520BFA062991397A6556B18B /* PresetPreviewCard.swift in Sources */ = {isa = PBXBuildFile; fileRef = 1987EB46D78379EB25A7E6A5 /* PresetPreviewCard.swift */; };
		561898C8DF6823EB3F4391AC /* AsyncThumbnail.swift in Sources */ = {isa = PBXBuildFile; fileRef = 419FD91DCB79FF87568D1118 /* AsyncThumbnail.swift */; };
		5892BBEB7A0417F38655E94A /* EditorView.swift in Sources */ = {isa = PBXBuildFile; fileRef = 64CED49C5EAE3C454E6EFF20 /* EditorView.swift */; };
		5936B8F040EAD4CACF703F02 /* SidebarCompoundControlBlock.swift in Sources */ = {isa = PBXBuildFile; fileRef = 9FCDE64F375DC8E762C4EF08 /* SidebarCompoundControlBlock.swift */; };
		5A2B972194FE5D29D42336D4 /* InspectorView.swift in Sources */ = {isa = PBXBuildFile; fileRef = 388ADD8B50D095C06DE84470 /* InspectorView.swift */; };
		6008AC967F78C371F1DE8F51 /* PreviewArea.swift in Sources */ = {isa = PBXBuildFile; fileRef = B2205885A0B72C7BB1800460 /* PreviewArea.swift */; };
		62B6DBD3B476520075DE5BB6 /* BottomPanel.swift in Sources */ = {isa = PBXBuildFile; fileRef = FC61E7BD757670C3FC26800E /* BottomPanel.swift */; };
		66B12BD55EAE11AE1657CBAE /* SidebarLayoutPolicyTests.swift in Sources */ = {isa = PBXBuildFile; fileRef = A8E704CEA7DD5812C7E8E102 /* SidebarLayoutPolicyTests.swift */; };
		676D99BB05EACD4F6C22E4E9 /* LayerPanelRow.swift in Sources */ = {isa = PBXBuildFile; fileRef = D6C97FA89C679CAAAC4C845E /* LayerPanelRow.swift */; };
		6D03D0240A8EA39304652EE3 /* StyledToggle.swift in Sources */ = {isa = PBXBuildFile; fileRef = FC4884C31EB565ED16A086DE /* StyledToggle.swift */; };
		6DB96B62D16D31C822C1E0FD /* ZoomIndicator.swift in Sources */ = {isa = PBXBuildFile; fileRef = AF1AFA1E768D2A7B8991C8FA /* ZoomIndicator.swift */; };
		71288A7B65CF0F1353EED346 /* AppState.swift in Sources */ = {isa = PBXBuildFile; fileRef = 2CCD20EFA5AE852B42CBE53D /* AppState.swift */; };
		758E594A560FD0C64D048985 /* FramerCore in Frameworks */ = {isa = PBXBuildFile; productRef = EEF28B51AF5CD9A4B0B9F055 /* FramerCore */; };
		76AD7FBCC435AE552A02CA23 /* ExportBar.swift in Sources */ = {isa = PBXBuildFile; fileRef = 2ECE914F3685664254BD04DB /* ExportBar.swift */; };
		79953116ABDDB255C541CCC5 /* SidebarPaletteEditor.swift in Sources */ = {isa = PBXBuildFile; fileRef = 8F7F2D2F333FEDEDF7B32AD2 /* SidebarPaletteEditor.swift */; };
		7BC8833066C978A17F077361 /* SidebarStateMatrixTests.swift in Sources */ = {isa = PBXBuildFile; fileRef = 216619F8FEAA17F4D627219B /* SidebarStateMatrixTests.swift */; };
		7C5074968E49EFB00864AAFD /* SidebarFullWidthRow.swift in Sources */ = {isa = PBXBuildFile; fileRef = 83B7DA56C2ABCB90C958AC46 /* SidebarFullWidthRow.swift */; };
		7E26ACB4EBE5DD197F9C9E0C /* ExifInfoBar.swift in Sources */ = {isa = PBXBuildFile; fileRef = 69843CE860C9D64774BF6A76 /* ExifInfoBar.swift */; };
		80C7332C66CEEAF7D7DFB228 /* StyledSliderValueResolverTests.swift in Sources */ = {isa = PBXBuildFile; fileRef = 86BC6ECDDBB38E03658D7114 /* StyledSliderValueResolverTests.swift */; };
		83C339C5F6907392A7F11225 /* ImageThumbnailLoader.swift in Sources */ = {isa = PBXBuildFile; fileRef = D5BE1B7F799CD269EE2C1411 /* ImageThumbnailLoader.swift */; };
		8B0B4CEE3882DC2ED4FBA8B3 /* LayerPanelRowStateResolverTests.swift in Sources */ = {isa = PBXBuildFile; fileRef = 8F4005057620F710FB3C5103 /* LayerPanelRowStateResolverTests.swift */; };
		8B4266040896BBED84762794 /* textures in Resources */ = {isa = PBXBuildFile; fileRef = B1EC2164F8A3DF317311D2C8 /* textures */; };
		8F160BA890A60D6718F2A885 /* CollapsibleSidebarSection.swift in Sources */ = {isa = PBXBuildFile; fileRef = B16338D6414DE0340B3BABA3 /* CollapsibleSidebarSection.swift */; };
		922190469E4BF28489790F32 /* SidebarHarmonySnapshotTests.swift in Sources */ = {isa = PBXBuildFile; fileRef = DCC79DCD115A284F6B81A07B /* SidebarHarmonySnapshotTests.swift */; };
		9697B0B0347D866B638B319A /* SidebarChipFlow.swift in Sources */ = {isa = PBXBuildFile; fileRef = 63F8D48B85CFFCB8D0C09504 /* SidebarChipFlow.swift */; };
		978253B97253BE5ACF13ABA0 /* SidebarStateStyle.swift in Sources */ = {isa = PBXBuildFile; fileRef = 31D2CC0ACDC965EF2817C67B /* SidebarStateStyle.swift */; };
		9F2D984FABBFC95FBD860A67 /* fonts in Resources */ = {isa = PBXBuildFile; fileRef = F74958A269010D4B0BF9A7DE /* fonts */; };
		A33B23C72428E520B21D613C /* SidebarSection.swift in Sources */ = {isa = PBXBuildFile; fileRef = F897939392FCE2D13C8C970F /* SidebarSection.swift */; };
		A687E051304ECD37FDB039D2 /* SidebarShell.swift in Sources */ = {isa = PBXBuildFile; fileRef = 3542BBBACEDB4B91751AC57E /* SidebarShell.swift */; };
		AA43BBC52E8EC44FCDEA0FAB /* PresetStrip.swift in Sources */ = {isa = PBXBuildFile; fileRef = 5DDCA19609CC41C63AACE7A7 /* PresetStrip.swift */; };
		AE8F271EFAECBE9C1AA52A1C /* SidebarEnvironmentTests.swift in Sources */ = {isa = PBXBuildFile; fileRef = 580D78E9F4D73889390700DA /* SidebarEnvironmentTests.swift */; };
		B4A1B551F2C9370D7663CAEC /* FramerCommands.swift in Sources */ = {isa = PBXBuildFile; fileRef = C20010735E58CE243ED6744A /* FramerCommands.swift */; };
		BD2F6A5D479CEB7072CBE89E /* InspectorOutputControlStateTests.swift in Sources */ = {isa = PBXBuildFile; fileRef = 698051BBA81FC643D0AF94C7 /* InspectorOutputControlStateTests.swift */; };
		BD3F5FF532F0A6B4AD5FB1CF /* PresetPreviewRenderKeyTests.swift in Sources */ = {isa = PBXBuildFile; fileRef = DF0D5CD48FC4441172220087 /* PresetPreviewRenderKeyTests.swift */; };
		BFD5228CA6C009F13C4D327A /* SidebarLayoutPolicy.swift in Sources */ = {isa = PBXBuildFile; fileRef = 5185171443CC5F670066735A /* SidebarLayoutPolicy.swift */; };
		BFD769720511AA5C17E887CB /* ZoomIndicator.swift in Sources */ = {isa = PBXBuildFile; fileRef = 4DE56DAAC5828B812648B0F7 /* ZoomIndicator.swift */; };
		C37E4F0ACEACE1B0C38A0A44 /* FramerCore in Frameworks */ = {isa = PBXBuildFile; productRef = 485E1F7CDB2606E54DEE58BD /* FramerCore */; };
		CDA49784CCB36DE7E9608702 /* SidebarMetricsTests.swift in Sources */ = {isa = PBXBuildFile; fileRef = C09A4DE3276B25184A9769BF /* SidebarMetricsTests.swift */; };
		D2E564203E647371EAED04D0 /* PreferencesView.swift in Sources */ = {isa = PBXBuildFile; fileRef = B7A795F9CA0BC01E3F2251A9 /* PreferencesView.swift */; };
		D3E6A433B5ACC95890FD16F7 /* BlendModeControls.swift in Sources */ = {isa = PBXBuildFile; fileRef = 414976629E834E023AEDF80D /* BlendModeControls.swift */; };
		D77B3DB5026ED217740A45EA /* PresetPreviewCache.swift in Sources */ = {isa = PBXBuildFile; fileRef = F9F6A74EB78E794612D18120 /* PresetPreviewCache.swift */; };
		D7FE5C7F33D376CDFFC38EF1 /* DesignTokens.swift in Sources */ = {isa = PBXBuildFile; fileRef = 25B70C60CE00225EA953971F /* DesignTokens.swift */; };
		DAF4447EF4E27C19DC3B3FF0 /* FramerApp.swift in Sources */ = {isa = PBXBuildFile; fileRef = E4A8C555BBECD2011E74D76D /* FramerApp.swift */; };
		DBDA64D074DBEBB47CA50CD5 /* fonts in Resources */ = {isa = PBXBuildFile; fileRef = F74958A269010D4B0BF9A7DE /* fonts */; };
		E4773A5DAA593611F249C759 /* SidebarControlRow.swift in Sources */ = {isa = PBXBuildFile; fileRef = 47D49D16C308457CF2ABD0E6 /* SidebarControlRow.swift */; };
		E700A341570C21B797D5751A /* SidebarPreviewStrip.swift in Sources */ = {isa = PBXBuildFile; fileRef = 2FB09F748B87A0265E2F0580 /* SidebarPreviewStrip.swift */; };
		EF8F6E68028E690EFF0EA667 /* AppState.swift in Sources */ = {isa = PBXBuildFile; fileRef = F5FEA0A44FC6AF06DDC8F260 /* AppState.swift */; };
		F28CEFF9394A0CAD1B963EDC /* LayerStrip.swift in Sources */ = {isa = PBXBuildFile; fileRef = CE5B96A143FA192F9CB0A8C1 /* LayerStrip.swift */; };
		F336B59AD1AE14EA68028F9D /* LayerPanelRowLayoutTests.swift in Sources */ = {isa = PBXBuildFile; fileRef = 5EC113704BA8AB06C96F87E1 /* LayerPanelRowLayoutTests.swift */; };
		F89754262F08F10882B773EA /* SidebarMetricsEnvironment.swift in Sources */ = {isa = PBXBuildFile; fileRef = DE1FE2E9D507D47BFC56C2E1 /* SidebarMetricsEnvironment.swift */; };
		FC5BB028D5897E5F76991EA5 /* ContentView.swift in Sources */ = {isa = PBXBuildFile; fileRef = 8154A40DD384301E5946B867 /* ContentView.swift */; };
		FC79FBDAF4E782AEE11A281A /* StyledSlider.swift in Sources */ = {isa = PBXBuildFile; fileRef = 124FCD0A6152E9E3838DD5A1 /* StyledSlider.swift */; };
/* End PBXBuildFile section */

/* Begin PBXContainerItemProxy section */
		E05152927DF696465425EDC2 /* PBXContainerItemProxy */ = {
			isa = PBXContainerItemProxy;
			containerPortal = 270BB2514E9354A729F67D29 /* Project object */;
			proxyType = 1;
			remoteGlobalIDString = 7B53F10D445F75CF087CE1C4;
			remoteInfo = Framer;
		};
/* End PBXContainerItemProxy section */

/* Begin PBXFileReference section */
		0688E0FFDF5CFC624EEB29D3 /* ZoomState.swift */ = {isa = PBXFileReference; lastKnownFileType = sourcecode.swift; path = ZoomState.swift; sourceTree = "<group>"; };
		07CE80E5C2C968E54B507CD5 /* LayerListSection.swift */ = {isa = PBXFileReference; lastKnownFileType = sourcecode.swift; path = LayerListSection.swift; sourceTree = "<group>"; };
		124FCD0A6152E9E3838DD5A1 /* StyledSlider.swift */ = {isa = PBXFileReference; lastKnownFileType = sourcecode.swift; path = StyledSlider.swift; sourceTree = "<group>"; };
		1987EB46D78379EB25A7E6A5 /* PresetPreviewCard.swift */ = {isa = PBXFileReference; lastKnownFileType = sourcecode.swift; path = PresetPreviewCard.swift; sourceTree = "<group>"; };
		1DEB778B387F70ED23D4EBEB /* LayerDetailView.swift */ = {isa = PBXFileReference; lastKnownFileType = sourcecode.swift; path = LayerDetailView.swift; sourceTree = "<group>"; };
		216619F8FEAA17F4D627219B /* SidebarStateMatrixTests.swift */ = {isa = PBXFileReference; lastKnownFileType = sourcecode.swift; path = SidebarStateMatrixTests.swift; sourceTree = "<group>"; };
		25B70C60CE00225EA953971F /* DesignTokens.swift */ = {isa = PBXFileReference; lastKnownFileType = sourcecode.swift; path = DesignTokens.swift; sourceTree = "<group>"; };
		265766D49FCE4081CCC68D33 /* ZoomState.swift */ = {isa = PBXFileReference; lastKnownFileType = sourcecode.swift; path = ZoomState.swift; sourceTree = "<group>"; };
		2CCD20EFA5AE852B42CBE53D /* AppState.swift */ = {isa = PBXFileReference; lastKnownFileType = sourcecode.swift; path = AppState.swift; sourceTree = "<group>"; };
		2ECE914F3685664254BD04DB /* ExportBar.swift */ = {isa = PBXFileReference; lastKnownFileType = sourcecode.swift; path = ExportBar.swift; sourceTree = "<group>"; };
		2FB09F748B87A0265E2F0580 /* SidebarPreviewStrip.swift */ = {isa = PBXFileReference; lastKnownFileType = sourcecode.swift; path = SidebarPreviewStrip.swift; sourceTree = "<group>"; };
		31D2CC0ACDC965EF2817C67B /* SidebarStateStyle.swift */ = {isa = PBXFileReference; lastKnownFileType = sourcecode.swift; path = SidebarStateStyle.swift; sourceTree = "<group>"; };
		3542BBBACEDB4B91751AC57E /* SidebarShell.swift */ = {isa = PBXFileReference; lastKnownFileType = sourcecode.swift; path = SidebarShell.swift; sourceTree = "<group>"; };
		388ADD8B50D095C06DE84470 /* InspectorView.swift */ = {isa = PBXFileReference; lastKnownFileType = sourcecode.swift; path = InspectorView.swift; sourceTree = "<group>"; };
		3FE688FA9CD9246744F2CEAD /* SidebarLayoutContainmentTests.swift */ = {isa = PBXFileReference; lastKnownFileType = sourcecode.swift; path = SidebarLayoutContainmentTests.swift; sourceTree = "<group>"; };
		414976629E834E023AEDF80D /* BlendModeControls.swift */ = {isa = PBXFileReference; lastKnownFileType = sourcecode.swift; path = BlendModeControls.swift; sourceTree = "<group>"; };
		419FD91DCB79FF87568D1118 /* AsyncThumbnail.swift */ = {isa = PBXFileReference; lastKnownFileType = sourcecode.swift; path = AsyncThumbnail.swift; sourceTree = "<group>"; };
		448D6F42AA7A9F492A2E3436 /* ColorPickerWithHex.swift */ = {isa = PBXFileReference; lastKnownFileType = sourcecode.swift; path = ColorPickerWithHex.swift; sourceTree = "<group>"; };
		47D49D16C308457CF2ABD0E6 /* SidebarControlRow.swift */ = {isa = PBXFileReference; lastKnownFileType = sourcecode.swift; path = SidebarControlRow.swift; sourceTree = "<group>"; };
		4DE56DAAC5828B812648B0F7 /* ZoomIndicator.swift */ = {isa = PBXFileReference; lastKnownFileType = sourcecode.swift; path = ZoomIndicator.swift; sourceTree = "<group>"; };
		5185171443CC5F670066735A /* SidebarLayoutPolicy.swift */ = {isa = PBXFileReference; lastKnownFileType = sourcecode.swift; path = SidebarLayoutPolicy.swift; sourceTree = "<group>"; };
		580D78E9F4D73889390700DA /* SidebarEnvironmentTests.swift */ = {isa = PBXFileReference; lastKnownFileType = sourcecode.swift; path = SidebarEnvironmentTests.swift; sourceTree = "<group>"; };
		581B811C4BA8979C815A4C7F /* FramerAppTests.xctest */ = {isa = PBXFileReference; explicitFileType = wrapper.cfbundle; includeInIndex = 0; path = FramerAppTests.xctest; sourceTree = BUILT_PRODUCTS_DIR; };
		583D2597C550F8BE5C2A7FDA /* SidebarTrailingUnitCluster.swift */ = {isa = PBXFileReference; lastKnownFileType = sourcecode.swift; path = SidebarTrailingUnitCluster.swift; sourceTree = "<group>"; };
		5924AD678D9A7C9ED1381741 /* FilmstripThumbnail.swift */ = {isa = PBXFileReference; lastKnownFileType = sourcecode.swift; path = FilmstripThumbnail.swift; sourceTree = "<group>"; };
		5DDCA19609CC41C63AACE7A7 /* PresetStrip.swift */ = {isa = PBXFileReference; lastKnownFileType = sourcecode.swift; path = PresetStrip.swift; sourceTree = "<group>"; };
		5EC113704BA8AB06C96F87E1 /* LayerPanelRowLayoutTests.swift */ = {isa = PBXFileReference; lastKnownFileType = sourcecode.swift; path = LayerPanelRowLayoutTests.swift; sourceTree = "<group>"; };
		63F8D48B85CFFCB8D0C09504 /* SidebarChipFlow.swift */ = {isa = PBXFileReference; lastKnownFileType = sourcecode.swift; path = SidebarChipFlow.swift; sourceTree = "<group>"; };
		64CED49C5EAE3C454E6EFF20 /* EditorView.swift */ = {isa = PBXFileReference; lastKnownFileType = sourcecode.swift; path = EditorView.swift; sourceTree = "<group>"; };
		64DCA5495F4E52EE9549C498 /* FramerMobileApp.swift */ = {isa = PBXFileReference; lastKnownFileType = sourcecode.swift; path = FramerMobileApp.swift; sourceTree = "<group>"; };
		698051BBA81FC643D0AF94C7 /* InspectorOutputControlStateTests.swift */ = {isa = PBXFileReference; lastKnownFileType = sourcecode.swift; path = InspectorOutputControlStateTests.swift; sourceTree = "<group>"; };
		69843CE860C9D64774BF6A76 /* ExifInfoBar.swift */ = {isa = PBXFileReference; lastKnownFileType = sourcecode.swift; path = ExifInfoBar.swift; sourceTree = "<group>"; };
		7A91B04DC698FB944769C025 /* SidebarMetrics.swift */ = {isa = PBXFileReference; lastKnownFileType = sourcecode.swift; path = SidebarMetrics.swift; sourceTree = "<group>"; };
		8154A40DD384301E5946B867 /* ContentView.swift */ = {isa = PBXFileReference; lastKnownFileType = sourcecode.swift; path = ContentView.swift; sourceTree = "<group>"; };
		81F13602BA30AF5F90605B6C /* PreviewViewModel.swift */ = {isa = PBXFileReference; lastKnownFileType = sourcecode.swift; path = PreviewViewModel.swift; sourceTree = "<group>"; };
		83B7DA56C2ABCB90C958AC46 /* SidebarFullWidthRow.swift */ = {isa = PBXFileReference; lastKnownFileType = sourcecode.swift; path = SidebarFullWidthRow.swift; sourceTree = "<group>"; };
		86BC6ECDDBB38E03658D7114 /* StyledSliderValueResolverTests.swift */ = {isa = PBXFileReference; lastKnownFileType = sourcecode.swift; path = StyledSliderValueResolverTests.swift; sourceTree = "<group>"; };
		88CEC286BDB1ADC6E0637ACA /* PresetPreviewGrid.swift */ = {isa = PBXFileReference; lastKnownFileType = sourcecode.swift; path = PresetPreviewGrid.swift; sourceTree = "<group>"; };
		8A6E6F60B12048759BD1E60C /* PreviewViewModel.swift */ = {isa = PBXFileReference; lastKnownFileType = sourcecode.swift; path = PreviewViewModel.swift; sourceTree = "<group>"; };
		8F4005057620F710FB3C5103 /* LayerPanelRowStateResolverTests.swift */ = {isa = PBXFileReference; lastKnownFileType = sourcecode.swift; path = LayerPanelRowStateResolverTests.swift; sourceTree = "<group>"; };
		8F7F2D2F333FEDEDF7B32AD2 /* SidebarPaletteEditor.swift */ = {isa = PBXFileReference; lastKnownFileType = sourcecode.swift; path = SidebarPaletteEditor.swift; sourceTree = "<group>"; };
		9742662458DDF186223791B8 /* SidebarTrailingReadoutCluster.swift */ = {isa = PBXFileReference; lastKnownFileType = sourcecode.swift; path = SidebarTrailingReadoutCluster.swift; sourceTree = "<group>"; };
		99841491BD0A545FF7E469B5 /* FramerMobile.app */ = {isa = PBXFileReference; includeInIndex = 0; lastKnownFileType = wrapper.application; path = FramerMobile.app; sourceTree = BUILT_PRODUCTS_DIR; };
		9B9A4BC738FB9F539C9A7AFB /* Framer.app */ = {isa = PBXFileReference; explicitFileType = wrapper.application; includeInIndex = 0; path = Framer.app; sourceTree = BUILT_PRODUCTS_DIR; };
		9FCDE64F375DC8E762C4EF08 /* SidebarCompoundControlBlock.swift */ = {isa = PBXFileReference; lastKnownFileType = sourcecode.swift; path = SidebarCompoundControlBlock.swift; sourceTree = "<group>"; };
		A8E704CEA7DD5812C7E8E102 /* SidebarLayoutPolicyTests.swift */ = {isa = PBXFileReference; lastKnownFileType = sourcecode.swift; path = SidebarLayoutPolicyTests.swift; sourceTree = "<group>"; };
		AE7BB8B482ABBCD04C635554 /* swiftui-review */ = {isa = PBXFileReference; lastKnownFileType = folder; name = "swiftui-review"; path = .; sourceTree = SOURCE_ROOT; };
		AF1AFA1E768D2A7B8991C8FA /* ZoomIndicator.swift */ = {isa = PBXFileReference; lastKnownFileType = sourcecode.swift; path = ZoomIndicator.swift; sourceTree = "<group>"; };
		B16338D6414DE0340B3BABA3 /* CollapsibleSidebarSection.swift */ = {isa = PBXFileReference; lastKnownFileType = sourcecode.swift; path = CollapsibleSidebarSection.swift; sourceTree = "<group>"; };
		B1EC2164F8A3DF317311D2C8 /* textures */ = {isa = PBXFileReference; lastKnownFileType = folder; name = textures; path = assets/textures; sourceTree = SOURCE_ROOT; };
		B2205885A0B72C7BB1800460 /* PreviewArea.swift */ = {isa = PBXFileReference; lastKnownFileType = sourcecode.swift; path = PreviewArea.swift; sourceTree = "<group>"; };
		B7A795F9CA0BC01E3F2251A9 /* PreferencesView.swift */ = {isa = PBXFileReference; lastKnownFileType = sourcecode.swift; path = PreferencesView.swift; sourceTree = "<group>"; };
		C09A4DE3276B25184A9769BF /* SidebarMetricsTests.swift */ = {isa = PBXFileReference; lastKnownFileType = sourcecode.swift; path = SidebarMetricsTests.swift; sourceTree = "<group>"; };
		C20010735E58CE243ED6744A /* FramerCommands.swift */ = {isa = PBXFileReference; lastKnownFileType = sourcecode.swift; path = FramerCommands.swift; sourceTree = "<group>"; };
		CE5B96A143FA192F9CB0A8C1 /* LayerStrip.swift */ = {isa = PBXFileReference; lastKnownFileType = sourcecode.swift; path = LayerStrip.swift; sourceTree = "<group>"; };
		D5BE1B7F799CD269EE2C1411 /* ImageThumbnailLoader.swift */ = {isa = PBXFileReference; lastKnownFileType = sourcecode.swift; path = ImageThumbnailLoader.swift; sourceTree = "<group>"; };
		D6C97FA89C679CAAAC4C845E /* LayerPanelRow.swift */ = {isa = PBXFileReference; lastKnownFileType = sourcecode.swift; path = LayerPanelRow.swift; sourceTree = "<group>"; };
		DCC79DCD115A284F6B81A07B /* SidebarHarmonySnapshotTests.swift */ = {isa = PBXFileReference; lastKnownFileType = sourcecode.swift; path = SidebarHarmonySnapshotTests.swift; sourceTree = "<group>"; };
		DE1FE2E9D507D47BFC56C2E1 /* SidebarMetricsEnvironment.swift */ = {isa = PBXFileReference; lastKnownFileType = sourcecode.swift; path = SidebarMetricsEnvironment.swift; sourceTree = "<group>"; };
		DF0D5CD48FC4441172220087 /* PresetPreviewRenderKeyTests.swift */ = {isa = PBXFileReference; lastKnownFileType = sourcecode.swift; path = PresetPreviewRenderKeyTests.swift; sourceTree = "<group>"; };
		E4A8C555BBECD2011E74D76D /* FramerApp.swift */ = {isa = PBXFileReference; lastKnownFileType = sourcecode.swift; path = FramerApp.swift; sourceTree = "<group>"; };
		EBB5F2F1E2A0DE99DC5BC5C5 /* FilmstripView.swift */ = {isa = PBXFileReference; lastKnownFileType = sourcecode.swift; path = FilmstripView.swift; sourceTree = "<group>"; };
		EC736F64F5D3D3D0E3184EC9 /* StyledSliderSuffixTests.swift */ = {isa = PBXFileReference; lastKnownFileType = sourcecode.swift; path = StyledSliderSuffixTests.swift; sourceTree = "<group>"; };
		F0494695FD5895F111514FF4 /* CanvasView.swift */ = {isa = PBXFileReference; lastKnownFileType = sourcecode.swift; path = CanvasView.swift; sourceTree = "<group>"; };
		F5FEA0A44FC6AF06DDC8F260 /* AppState.swift */ = {isa = PBXFileReference; lastKnownFileType = sourcecode.swift; path = AppState.swift; sourceTree = "<group>"; };
		F6480868FC28107D0497EDC8 /* DesignTokens.swift */ = {isa = PBXFileReference; lastKnownFileType = sourcecode.swift; path = DesignTokens.swift; sourceTree = "<group>"; };
		F74958A269010D4B0BF9A7DE /* fonts */ = {isa = PBXFileReference; lastKnownFileType = folder; name = fonts; path = assets/fonts; sourceTree = SOURCE_ROOT; };
		F897939392FCE2D13C8C970F /* SidebarSection.swift */ = {isa = PBXFileReference; lastKnownFileType = sourcecode.swift; path = SidebarSection.swift; sourceTree = "<group>"; };
		F9159A274519F6AA116746B0 /* FormatPicker.swift */ = {isa = PBXFileReference; lastKnownFileType = sourcecode.swift; path = FormatPicker.swift; sourceTree = "<group>"; };
		F9F6A74EB78E794612D18120 /* PresetPreviewCache.swift */ = {isa = PBXFileReference; lastKnownFileType = sourcecode.swift; path = PresetPreviewCache.swift; sourceTree = "<group>"; };
		FC4884C31EB565ED16A086DE /* StyledToggle.swift */ = {isa = PBXFileReference; lastKnownFileType = sourcecode.swift; path = StyledToggle.swift; sourceTree = "<group>"; };
		FC61E7BD757670C3FC26800E /* BottomPanel.swift */ = {isa = PBXFileReference; lastKnownFileType = sourcecode.swift; path = BottomPanel.swift; sourceTree = "<group>"; };
/* End PBXFileReference section */

/* Begin PBXFrameworksBuildPhase section */
		B5AF77CC600ED9C9D876D282 /* Frameworks */ = {
			isa = PBXFrameworksBuildPhase;
			buildActionMask = 2147483647;
			files = (
				C37E4F0ACEACE1B0C38A0A44 /* FramerCore in Frameworks */,
			);
			runOnlyForDeploymentPostprocessing = 0;
		};
		C863ABBDC9111745579E74ED /* Frameworks */ = {
			isa = PBXFrameworksBuildPhase;
			buildActionMask = 2147483647;
			files = (
				758E594A560FD0C64D048985 /* FramerCore in Frameworks */,
			);
			runOnlyForDeploymentPostprocessing = 0;
		};
/* End PBXFrameworksBuildPhase section */

/* Begin PBXGroup section */
		0FC575DE2734E303F59BF0D8 /* App */ = {
			isa = PBXGroup;
			children = (
				2CCD20EFA5AE852B42CBE53D /* AppState.swift */,
				64DCA5495F4E52EE9549C498 /* FramerMobileApp.swift */,
			);
			path = App;
			sourceTree = "<group>";
		};
		1435E1AB35705AD546EE83ED /* Editor */ = {
			isa = PBXGroup;
			children = (
				414976629E834E023AEDF80D /* BlendModeControls.swift */,
				07CE80E5C2C968E54B507CD5 /* LayerListSection.swift */,
				8A6E6F60B12048759BD1E60C /* PreviewViewModel.swift */,
			);
			path = Editor;
			sourceTree = "<group>";
		};
		296068F0A3104E65E2A4BB22 /* FramerApp */ = {
			isa = PBXGroup;
			children = (
				8154A40DD384301E5946B867 /* ContentView.swift */,
				F0FD903B4E5363A1DB8E148F /* App */,
				8DC81B4D2EB12FB6EFD31F90 /* Canvas */,
				4273D08DF0A54A29AE440898 /* Controls */,
				1435E1AB35705AD546EE83ED /* Editor */,
				BCCA1E9CC6CC6C315E632268 /* Inspector */,
				BE3006FE609B8060402F6693 /* Presets */,
				92DD413C9F3B3F8B7CAF2ACF /* Sidebar */,
				60BDD709052B1BC8AF6A2258 /* Theme */,
			);
			name = FramerApp;
			path = Sources/FramerApp;
			sourceTree = "<group>";
		};
		3D112084E55AB440513006CA /* FramerAppTests */ = {
			isa = PBXGroup;
			children = (
				698051BBA81FC643D0AF94C7 /* InspectorOutputControlStateTests.swift */,
				5EC113704BA8AB06C96F87E1 /* LayerPanelRowLayoutTests.swift */,
				8F4005057620F710FB3C5103 /* LayerPanelRowStateResolverTests.swift */,
				DF0D5CD48FC4441172220087 /* PresetPreviewRenderKeyTests.swift */,
				580D78E9F4D73889390700DA /* SidebarEnvironmentTests.swift */,
				DCC79DCD115A284F6B81A07B /* SidebarHarmonySnapshotTests.swift */,
				3FE688FA9CD9246744F2CEAD /* SidebarLayoutContainmentTests.swift */,
				A8E704CEA7DD5812C7E8E102 /* SidebarLayoutPolicyTests.swift */,
				C09A4DE3276B25184A9769BF /* SidebarMetricsTests.swift */,
				216619F8FEAA17F4D627219B /* SidebarStateMatrixTests.swift */,
				EC736F64F5D3D3D0E3184EC9 /* StyledSliderSuffixTests.swift */,
				86BC6ECDDBB38E03658D7114 /* StyledSliderValueResolverTests.swift */,
			);
			name = FramerAppTests;
			path = Tests/FramerAppTests;
			sourceTree = "<group>";
		};
		3E46BDC06425BF2F25A27A1E /* Presets */ = {
			isa = PBXGroup;
			children = (
				5DDCA19609CC41C63AACE7A7 /* PresetStrip.swift */,
			);
			path = Presets;
			sourceTree = "<group>";
		};
		425CCC8F8EA4926067460440 /* Preview */ = {
			isa = PBXGroup;
			children = (
				F9F6A74EB78E794612D18120 /* PresetPreviewCache.swift */,
				81F13602BA30AF5F90605B6C /* PreviewViewModel.swift */,
			);
			path = Preview;
			sourceTree = "<group>";
		};
		4273D08DF0A54A29AE440898 /* Controls */ = {
			isa = PBXGroup;
			children = (
				448D6F42AA7A9F492A2E3436 /* ColorPickerWithHex.swift */,
				F9159A274519F6AA116746B0 /* FormatPicker.swift */,
				124FCD0A6152E9E3838DD5A1 /* StyledSlider.swift */,
				FC4884C31EB565ED16A086DE /* StyledToggle.swift */,
			);
			path = Controls;
			sourceTree = "<group>";
		};
		5B7FA0D0562889039FB9BC72 /* Editor */ = {
			isa = PBXGroup;
			children = (
				FC61E7BD757670C3FC26800E /* BottomPanel.swift */,
				64CED49C5EAE3C454E6EFF20 /* EditorView.swift */,
				B2205885A0B72C7BB1800460 /* PreviewArea.swift */,
				4DE56DAAC5828B812648B0F7 /* ZoomIndicator.swift */,
				0688E0FFDF5CFC624EEB29D3 /* ZoomState.swift */,
			);
			path = Editor;
			sourceTree = "<group>";
		};
		60BDD709052B1BC8AF6A2258 /* Theme */ = {
			isa = PBXGroup;
			children = (
				F6480868FC28107D0497EDC8 /* DesignTokens.swift */,
			);
			path = Theme;
			sourceTree = "<group>";
		};
		7D825B17DCB66536061D7875 /* FramerMobile */ = {
			isa = PBXGroup;
			children = (
				0FC575DE2734E303F59BF0D8 /* App */,
				5B7FA0D0562889039FB9BC72 /* Editor */,
				EB985CA123EA998F263BD17F /* Layers */,
				3E46BDC06425BF2F25A27A1E /* Presets */,
				425CCC8F8EA4926067460440 /* Preview */,
				FDA00B38533D666087E78629 /* Theme */,
			);
			name = FramerMobile;
			path = Sources/FramerMobile;
			sourceTree = "<group>";
		};
		8DC81B4D2EB12FB6EFD31F90 /* Canvas */ = {
			isa = PBXGroup;
			children = (
				419FD91DCB79FF87568D1118 /* AsyncThumbnail.swift */,
				F0494695FD5895F111514FF4 /* CanvasView.swift */,
				69843CE860C9D64774BF6A76 /* ExifInfoBar.swift */,
				5924AD678D9A7C9ED1381741 /* FilmstripThumbnail.swift */,
				EBB5F2F1E2A0DE99DC5BC5C5 /* FilmstripView.swift */,
				D5BE1B7F799CD269EE2C1411 /* ImageThumbnailLoader.swift */,
				AF1AFA1E768D2A7B8991C8FA /* ZoomIndicator.swift */,
				265766D49FCE4081CCC68D33 /* ZoomState.swift */,
			);
			path = Canvas;
			sourceTree = "<group>";
		};
		92DD413C9F3B3F8B7CAF2ACF /* Sidebar */ = {
			isa = PBXGroup;
			children = (
				B16338D6414DE0340B3BABA3 /* CollapsibleSidebarSection.swift */,
				D6C97FA89C679CAAAC4C845E /* LayerPanelRow.swift */,
				63F8D48B85CFFCB8D0C09504 /* SidebarChipFlow.swift */,
				9FCDE64F375DC8E762C4EF08 /* SidebarCompoundControlBlock.swift */,
				47D49D16C308457CF2ABD0E6 /* SidebarControlRow.swift */,
				83B7DA56C2ABCB90C958AC46 /* SidebarFullWidthRow.swift */,
				5185171443CC5F670066735A /* SidebarLayoutPolicy.swift */,
				7A91B04DC698FB944769C025 /* SidebarMetrics.swift */,
				DE1FE2E9D507D47BFC56C2E1 /* SidebarMetricsEnvironment.swift */,
				8F7F2D2F333FEDEDF7B32AD2 /* SidebarPaletteEditor.swift */,
				2FB09F748B87A0265E2F0580 /* SidebarPreviewStrip.swift */,
				F897939392FCE2D13C8C970F /* SidebarSection.swift */,
				3542BBBACEDB4B91751AC57E /* SidebarShell.swift */,
				31D2CC0ACDC965EF2817C67B /* SidebarStateStyle.swift */,
				9742662458DDF186223791B8 /* SidebarTrailingReadoutCluster.swift */,
				583D2597C550F8BE5C2A7FDA /* SidebarTrailingUnitCluster.swift */,
			);
			path = Sidebar;
			sourceTree = "<group>";
		};
		B5A0391E294805ACCD5427AD /* Products */ = {
			isa = PBXGroup;
			children = (
				9B9A4BC738FB9F539C9A7AFB /* Framer.app */,
				581B811C4BA8979C815A4C7F /* FramerAppTests.xctest */,
				99841491BD0A545FF7E469B5 /* FramerMobile.app */,
			);
			name = Products;
			sourceTree = "<group>";
		};
		BCCA1E9CC6CC6C315E632268 /* Inspector */ = {
			isa = PBXGroup;
			children = (
				2ECE914F3685664254BD04DB /* ExportBar.swift */,
				388ADD8B50D095C06DE84470 /* InspectorView.swift */,
			);
			path = Inspector;
			sourceTree = "<group>";
		};
		BE3006FE609B8060402F6693 /* Presets */ = {
			isa = PBXGroup;
			children = (
				1987EB46D78379EB25A7E6A5 /* PresetPreviewCard.swift */,
				88CEC286BDB1ADC6E0637ACA /* PresetPreviewGrid.swift */,
			);
			path = Presets;
			sourceTree = "<group>";
		};
		BF7EB4914AD9DF4212A2FFEA /* Packages */ = {
			isa = PBXGroup;
			children = (
				AE7BB8B482ABBCD04C635554 /* swiftui-review */,
			);
			name = Packages;
			sourceTree = "<group>";
		};
		C63F9FF810251FA7EBE3B6F1 = {
			isa = PBXGroup;
			children = (
				F74958A269010D4B0BF9A7DE /* fonts */,
				B1EC2164F8A3DF317311D2C8 /* textures */,
				296068F0A3104E65E2A4BB22 /* FramerApp */,
				3D112084E55AB440513006CA /* FramerAppTests */,
				7D825B17DCB66536061D7875 /* FramerMobile */,
				BF7EB4914AD9DF4212A2FFEA /* Packages */,
				B5A0391E294805ACCD5427AD /* Products */,
			);
			sourceTree = "<group>";
		};
		EB985CA123EA998F263BD17F /* Layers */ = {
			isa = PBXGroup;
			children = (
				1DEB778B387F70ED23D4EBEB /* LayerDetailView.swift */,
				CE5B96A143FA192F9CB0A8C1 /* LayerStrip.swift */,
			);
			path = Layers;
			sourceTree = "<group>";
		};
		F0FD903B4E5363A1DB8E148F /* App */ = {
			isa = PBXGroup;
			children = (
				F5FEA0A44FC6AF06DDC8F260 /* AppState.swift */,
				E4A8C555BBECD2011E74D76D /* FramerApp.swift */,
				C20010735E58CE243ED6744A /* FramerCommands.swift */,
				B7A795F9CA0BC01E3F2251A9 /* PreferencesView.swift */,
			);
			path = App;
			sourceTree = "<group>";
		};
		FDA00B38533D666087E78629 /* Theme */ = {
			isa = PBXGroup;
			children = (
				25B70C60CE00225EA953971F /* DesignTokens.swift */,
			);
			path = Theme;
			sourceTree = "<group>";
		};
/* End PBXGroup section */

/* Begin PBXNativeTarget section */
		6B6245F15EBD4BFE5457220B /* FramerMobile */ = {
			isa = PBXNativeTarget;
			buildConfigurationList = 946EAEF167671F8646E55745 /* Build configuration list for PBXNativeTarget "FramerMobile" */;
			buildPhases = (
				1680AE34F8214FB537A7690C /* Sources */,
				1B0A04CD244FC7CBC658F08C /* Resources */,
				C863ABBDC9111745579E74ED /* Frameworks */,
			);
			buildRules = (
			);
			dependencies = (
			);
			name = FramerMobile;
			packageProductDependencies = (
				EEF28B51AF5CD9A4B0B9F055 /* FramerCore */,
			);
			productName = FramerMobile;
			productReference = 99841491BD0A545FF7E469B5 /* FramerMobile.app */;
			productType = "com.apple.product-type.application";
		};
		7B53F10D445F75CF087CE1C4 /* Framer */ = {
			isa = PBXNativeTarget;
			buildConfigurationList = 6208556A4027EAE804ADCFAB /* Build configuration list for PBXNativeTarget "Framer" */;
			buildPhases = (
				8468BE8C916A4C463E92FD05 /* Sources */,
				10E0643B1D9AEB42276D8C55 /* Resources */,
				B5AF77CC600ED9C9D876D282 /* Frameworks */,
			);
			buildRules = (
			);
			dependencies = (
			);
			name = Framer;
			packageProductDependencies = (
				485E1F7CDB2606E54DEE58BD /* FramerCore */,
			);
			productName = Framer;
			productReference = 9B9A4BC738FB9F539C9A7AFB /* Framer.app */;
			productType = "com.apple.product-type.application";
		};
		7F92C54B63835D9A7829BB9B /* FramerAppTests */ = {
			isa = PBXNativeTarget;
			buildConfigurationList = F95EFFC75D02A2457FBE27DA /* Build configuration list for PBXNativeTarget "FramerAppTests" */;
			buildPhases = (
				B4C3897C45C2D33918FBD9EF /* Sources */,
			);
			buildRules = (
			);
			dependencies = (
				5E0E03FEFFAB37C9FB6635F2 /* PBXTargetDependency */,
			);
			name = FramerAppTests;
			packageProductDependencies = (
			);
			productName = FramerAppTests;
			productReference = 581B811C4BA8979C815A4C7F /* FramerAppTests.xctest */;
			productType = "com.apple.product-type.bundle.unit-test";
		};
/* End PBXNativeTarget section */

/* Begin PBXProject section */
		270BB2514E9354A729F67D29 /* Project object */ = {
			isa = PBXProject;
			attributes = {
				BuildIndependentTargetsInParallel = YES;
				LastUpgradeCheck = 1600;
				TargetAttributes = {
					6B6245F15EBD4BFE5457220B = {
						DevelopmentTeam = QLW5M4WG7H;
						ProvisioningStyle = Automatic;
					};
					7B53F10D445F75CF087CE1C4 = {
						DevelopmentTeam = QLW5M4WG7H;
						ProvisioningStyle = Automatic;
					};
					7F92C54B63835D9A7829BB9B = {
						DevelopmentTeam = QLW5M4WG7H;
						ProvisioningStyle = Automatic;
					};
				};
			};
			buildConfigurationList = 574C6649FA5221AF13B369DF /* Build configuration list for PBXProject "Framer" */;
			developmentRegion = en;
			hasScannedForEncodings = 0;
			knownRegions = (
				Base,
				en,
			);
			mainGroup = C63F9FF810251FA7EBE3B6F1;
			minimizedProjectReferenceProxies = 1;
			packageReferences = (
				4B05723A617308862895A16A /* XCLocalSwiftPackageReference "." */,
			);
			preferredProjectObjectVersion = 77;
			productRefGroup = B5A0391E294805ACCD5427AD /* Products */;
			projectDirPath = "";
			projectRoot = "";
			targets = (
				7B53F10D445F75CF087CE1C4 /* Framer */,
				7F92C54B63835D9A7829BB9B /* FramerAppTests */,
				6B6245F15EBD4BFE5457220B /* FramerMobile */,
			);
		};
/* End PBXProject section */

/* Begin PBXResourcesBuildPhase section */
		10E0643B1D9AEB42276D8C55 /* Resources */ = {
			isa = PBXResourcesBuildPhase;
			buildActionMask = 2147483647;
			files = (
				9F2D984FABBFC95FBD860A67 /* fonts in Resources */,
				8B4266040896BBED84762794 /* textures in Resources */,
			);
			runOnlyForDeploymentPostprocessing = 0;
		};
		1B0A04CD244FC7CBC658F08C /* Resources */ = {
			isa = PBXResourcesBuildPhase;
			buildActionMask = 2147483647;
			files = (
				DBDA64D074DBEBB47CA50CD5 /* fonts in Resources */,
				0974A12540B8D462AFB2C6CF /* textures in Resources */,
			);
			runOnlyForDeploymentPostprocessing = 0;
		};
/* End PBXResourcesBuildPhase section */

/* Begin PBXSourcesBuildPhase section */
		1680AE34F8214FB537A7690C /* Sources */ = {
			isa = PBXSourcesBuildPhase;
			buildActionMask = 2147483647;
			files = (
				71288A7B65CF0F1353EED346 /* AppState.swift in Sources */,
				62B6DBD3B476520075DE5BB6 /* BottomPanel.swift in Sources */,
				D7FE5C7F33D376CDFFC38EF1 /* DesignTokens.swift in Sources */,
				5892BBEB7A0417F38655E94A /* EditorView.swift in Sources */,
				49F7964DEFAF0AEBB4CFD3EB /* FramerMobileApp.swift in Sources */,
				2C4077C14DDD32351C143C80 /* LayerDetailView.swift in Sources */,
				F28CEFF9394A0CAD1B963EDC /* LayerStrip.swift in Sources */,
				D77B3DB5026ED217740A45EA /* PresetPreviewCache.swift in Sources */,
				AA43BBC52E8EC44FCDEA0FAB /* PresetStrip.swift in Sources */,
				6008AC967F78C371F1DE8F51 /* PreviewArea.swift in Sources */,
				0D238E724D1D19B9165D6D5A /* PreviewViewModel.swift in Sources */,
				BFD769720511AA5C17E887CB /* ZoomIndicator.swift in Sources */,
				0ED0C53D70F7DDB0D7E3FE16 /* ZoomState.swift in Sources */,
			);
			runOnlyForDeploymentPostprocessing = 0;
		};
		8468BE8C916A4C463E92FD05 /* Sources */ = {
			isa = PBXSourcesBuildPhase;
			buildActionMask = 2147483647;
			files = (
				EF8F6E68028E690EFF0EA667 /* AppState.swift in Sources */,
				561898C8DF6823EB3F4391AC /* AsyncThumbnail.swift in Sources */,
				D3E6A433B5ACC95890FD16F7 /* BlendModeControls.swift in Sources */,
				218BC28CA8616930DD60EB0B /* CanvasView.swift in Sources */,
				8F160BA890A60D6718F2A885 /* CollapsibleSidebarSection.swift in Sources */,
				28B7026CE98DD43E6D9501A9 /* ColorPickerWithHex.swift in Sources */,
				FC5BB028D5897E5F76991EA5 /* ContentView.swift in Sources */,
				22B4EA7AD13FDCDD650065E9 /* DesignTokens.swift in Sources */,
				7E26ACB4EBE5DD197F9C9E0C /* ExifInfoBar.swift in Sources */,
				76AD7FBCC435AE552A02CA23 /* ExportBar.swift in Sources */,
				17DE30D481F868766FABA5AB /* FilmstripThumbnail.swift in Sources */,
				4759FE09BC5EDE6615CB78BD /* FilmstripView.swift in Sources */,
				100AF36A76D44046D6CBA6AC /* FormatPicker.swift in Sources */,
				DAF4447EF4E27C19DC3B3FF0 /* FramerApp.swift in Sources */,
				B4A1B551F2C9370D7663CAEC /* FramerCommands.swift in Sources */,
				83C339C5F6907392A7F11225 /* ImageThumbnailLoader.swift in Sources */,
				5A2B972194FE5D29D42336D4 /* InspectorView.swift in Sources */,
				469EBA583F3674764B8E843A /* LayerListSection.swift in Sources */,
				676D99BB05EACD4F6C22E4E9 /* LayerPanelRow.swift in Sources */,
				D2E564203E647371EAED04D0 /* PreferencesView.swift in Sources */,
				520BFA062991397A6556B18B /* PresetPreviewCard.swift in Sources */,
				189C0C29CB6FD5F19617D667 /* PresetPreviewGrid.swift in Sources */,
				02AB8ECED2BAEEB2B7CC18BA /* PreviewViewModel.swift in Sources */,
				9697B0B0347D866B638B319A /* SidebarChipFlow.swift in Sources */,
				5936B8F040EAD4CACF703F02 /* SidebarCompoundControlBlock.swift in Sources */,
				E4773A5DAA593611F249C759 /* SidebarControlRow.swift in Sources */,
				7C5074968E49EFB00864AAFD /* SidebarFullWidthRow.swift in Sources */,
				BFD5228CA6C009F13C4D327A /* SidebarLayoutPolicy.swift in Sources */,
				27840E879F2D1EFA8AC27B30 /* SidebarMetrics.swift in Sources */,
				F89754262F08F10882B773EA /* SidebarMetricsEnvironment.swift in Sources */,
				79953116ABDDB255C541CCC5 /* SidebarPaletteEditor.swift in Sources */,
				E700A341570C21B797D5751A /* SidebarPreviewStrip.swift in Sources */,
				A33B23C72428E520B21D613C /* SidebarSection.swift in Sources */,
				A687E051304ECD37FDB039D2 /* SidebarShell.swift in Sources */,
				978253B97253BE5ACF13ABA0 /* SidebarStateStyle.swift in Sources */,
				338A7CAB108690B509EFDEB9 /* SidebarTrailingReadoutCluster.swift in Sources */,
				261407E520DAB7C287F6F41C /* SidebarTrailingUnitCluster.swift in Sources */,
				FC79FBDAF4E782AEE11A281A /* StyledSlider.swift in Sources */,
				6D03D0240A8EA39304652EE3 /* StyledToggle.swift in Sources */,
				6DB96B62D16D31C822C1E0FD /* ZoomIndicator.swift in Sources */,
				368885FBBB78321CA6E2C3F8 /* ZoomState.swift in Sources */,
			);
			runOnlyForDeploymentPostprocessing = 0;
		};
		B4C3897C45C2D33918FBD9EF /* Sources */ = {
			isa = PBXSourcesBuildPhase;
			buildActionMask = 2147483647;
			files = (
				BD2F6A5D479CEB7072CBE89E /* InspectorOutputControlStateTests.swift in Sources */,
				F336B59AD1AE14EA68028F9D /* LayerPanelRowLayoutTests.swift in Sources */,
				8B0B4CEE3882DC2ED4FBA8B3 /* LayerPanelRowStateResolverTests.swift in Sources */,
				BD3F5FF532F0A6B4AD5FB1CF /* PresetPreviewRenderKeyTests.swift in Sources */,
				AE8F271EFAECBE9C1AA52A1C /* SidebarEnvironmentTests.swift in Sources */,
				922190469E4BF28489790F32 /* SidebarHarmonySnapshotTests.swift in Sources */,
				46CCDA87AAA5DDD9AB84615F /* SidebarLayoutContainmentTests.swift in Sources */,
				66B12BD55EAE11AE1657CBAE /* SidebarLayoutPolicyTests.swift in Sources */,
				CDA49784CCB36DE7E9608702 /* SidebarMetricsTests.swift in Sources */,
				7BC8833066C978A17F077361 /* SidebarStateMatrixTests.swift in Sources */,
				50CB09A593BE412FD9FCC4E8 /* StyledSliderSuffixTests.swift in Sources */,
				80C7332C66CEEAF7D7DFB228 /* StyledSliderValueResolverTests.swift in Sources */,
			);
			runOnlyForDeploymentPostprocessing = 0;
		};
/* End PBXSourcesBuildPhase section */

/* Begin PBXTargetDependency section */
		5E0E03FEFFAB37C9FB6635F2 /* PBXTargetDependency */ = {
			isa = PBXTargetDependency;
			target = 7B53F10D445F75CF087CE1C4 /* Framer */;
			targetProxy = E05152927DF696465425EDC2 /* PBXContainerItemProxy */;
		};
/* End PBXTargetDependency section */

/* Begin XCBuildConfiguration section */
		027A0E1D68C8FA07873E42C9 /* Debug */ = {
			isa = XCBuildConfiguration;
			buildSettings = {
				ASSETCATALOG_COMPILER_APPICON_NAME = AppIcon;
				CODE_SIGN_ENTITLEMENTS = Framer.entitlements;
				CODE_SIGN_STYLE = Automatic;
				COMBINE_HIDPI_IMAGES = YES;
				CURRENT_PROJECT_VERSION = 1;
				DEVELOPMENT_TEAM = QLW5M4WG7H;
				ENABLE_HARDENED_RUNTIME = YES;
				GENERATE_INFOPLIST_FILE = YES;
				INFOPLIST_KEY_CFBundleDisplayName = Framer;
				INFOPLIST_KEY_LSApplicationCategoryType = "public.app-category.photography";
				LD_RUNPATH_SEARCH_PATHS = (
					"$(inherited)",
					"@executable_path/../Frameworks",
				);
				MARKETING_VERSION = 2.0.0;
				PRODUCT_BUNDLE_IDENTIFIER = com.arthursoares.Framer;
				SDKROOT = macosx;
				SWIFT_ACTIVE_COMPILATION_CONDITIONS = DEBUG;
				SWIFT_STRICT_CONCURRENCY = complete;
			};
			name = Debug;
		};
		2E8619F37522A4C570F6151A /* Debug */ = {
			isa = XCBuildConfiguration;
			buildSettings = {
				BUNDLE_LOADER = "$(TEST_HOST)";
				CODE_SIGN_STYLE = Automatic;
				COMBINE_HIDPI_IMAGES = YES;
				DEVELOPMENT_TEAM = QLW5M4WG7H;
				GENERATE_INFOPLIST_FILE = YES;
				LD_RUNPATH_SEARCH_PATHS = (
					"$(inherited)",
					"@executable_path/../Frameworks",
					"@loader_path/../Frameworks",
				);
				PRODUCT_BUNDLE_IDENTIFIER = com.arthursoares.FramerAppTests;
				SDKROOT = macosx;
				TEST_HOST = "$(BUILT_PRODUCTS_DIR)/Framer.app/Contents/MacOS/Framer";
			};
			name = Debug;
		};
		41587073A487953D58C95438 /* Release */ = {
			isa = XCBuildConfiguration;
			buildSettings = {
				ALWAYS_SEARCH_USER_PATHS = NO;
				CLANG_ANALYZER_NONNULL = YES;
				CLANG_ANALYZER_NUMBER_OBJECT_CONVERSION = YES_AGGRESSIVE;
				CLANG_CXX_LANGUAGE_STANDARD = "gnu++14";
				CLANG_CXX_LIBRARY = "libc++";
				CLANG_ENABLE_MODULES = YES;
				CLANG_ENABLE_OBJC_ARC = YES;
				CLANG_ENABLE_OBJC_WEAK = YES;
				CLANG_WARN_BLOCK_CAPTURE_AUTORELEASING = YES;
				CLANG_WARN_BOOL_CONVERSION = YES;
				CLANG_WARN_COMMA = YES;
				CLANG_WARN_CONSTANT_CONVERSION = YES;
				CLANG_WARN_DEPRECATED_OBJC_IMPLEMENTATIONS = YES;
				CLANG_WARN_DIRECT_OBJC_ISA_USAGE = YES_ERROR;
				CLANG_WARN_DOCUMENTATION_COMMENTS = YES;
				CLANG_WARN_EMPTY_BODY = YES;
				CLANG_WARN_ENUM_CONVERSION = YES;
				CLANG_WARN_INFINITE_RECURSION = YES;
				CLANG_WARN_INT_CONVERSION = YES;
				CLANG_WARN_NON_LITERAL_NULL_CONVERSION = YES;
				CLANG_WARN_OBJC_IMPLICIT_RETAIN_SELF = YES;
				CLANG_WARN_OBJC_LITERAL_CONVERSION = YES;
				CLANG_WARN_OBJC_ROOT_CLASS = YES_ERROR;
				CLANG_WARN_QUOTED_INCLUDE_IN_FRAMEWORK_HEADER = YES;
				CLANG_WARN_RANGE_LOOP_ANALYSIS = YES;
				CLANG_WARN_STRICT_PROTOTYPES = YES;
				CLANG_WARN_SUSPICIOUS_MOVE = YES;
				CLANG_WARN_UNGUARDED_AVAILABILITY = YES_AGGRESSIVE;
				CLANG_WARN_UNREACHABLE_CODE = YES;
				CLANG_WARN__DUPLICATE_METHOD_MATCH = YES;
				COPY_PHASE_STRIP = NO;
				DEAD_CODE_STRIPPING = YES;
				DEBUG_INFORMATION_FORMAT = "dwarf-with-dsym";
				ENABLE_NS_ASSERTIONS = NO;
				ENABLE_STRICT_OBJC_MSGSEND = YES;
				ENABLE_USER_SCRIPT_SANDBOXING = YES;
				GCC_C_LANGUAGE_STANDARD = gnu11;
				GCC_NO_COMMON_BLOCKS = YES;
				GCC_WARN_64_TO_32_BIT_CONVERSION = YES;
				GCC_WARN_ABOUT_RETURN_TYPE = YES_ERROR;
				GCC_WARN_UNDECLARED_SELECTOR = YES;
				GCC_WARN_UNINITIALIZED_AUTOS = YES_AGGRESSIVE;
				GCC_WARN_UNUSED_FUNCTION = YES;
				GCC_WARN_UNUSED_VARIABLE = YES;
				MACOSX_DEPLOYMENT_TARGET = 14.0;
				MTL_ENABLE_DEBUG_INFO = NO;
				MTL_FAST_MATH = YES;
				PRODUCT_NAME = "$(TARGET_NAME)";
				SWIFT_COMPILATION_MODE = wholemodule;
				SWIFT_EMIT_LOC_STRINGS = YES;
				SWIFT_OPTIMIZATION_LEVEL = "-O";
				SWIFT_VERSION = 5.0;
			};
			name = Release;
		};
		6CFD7FAF682F27C46D4426AC /* Debug */ = {
			isa = XCBuildConfiguration;
			buildSettings = {
				ALWAYS_SEARCH_USER_PATHS = NO;
				CLANG_ANALYZER_NONNULL = YES;
				CLANG_ANALYZER_NUMBER_OBJECT_CONVERSION = YES_AGGRESSIVE;
				CLANG_CXX_LANGUAGE_STANDARD = "gnu++14";
				CLANG_CXX_LIBRARY = "libc++";
				CLANG_ENABLE_MODULES = YES;
				CLANG_ENABLE_OBJC_ARC = YES;
				CLANG_ENABLE_OBJC_WEAK = YES;
				CLANG_WARN_BLOCK_CAPTURE_AUTORELEASING = YES;
				CLANG_WARN_BOOL_CONVERSION = YES;
				CLANG_WARN_COMMA = YES;
				CLANG_WARN_CONSTANT_CONVERSION = YES;
				CLANG_WARN_DEPRECATED_OBJC_IMPLEMENTATIONS = YES;
				CLANG_WARN_DIRECT_OBJC_ISA_USAGE = YES_ERROR;
				CLANG_WARN_DOCUMENTATION_COMMENTS = YES;
				CLANG_WARN_EMPTY_BODY = YES;
				CLANG_WARN_ENUM_CONVERSION = YES;
				CLANG_WARN_INFINITE_RECURSION = YES;
				CLANG_WARN_INT_CONVERSION = YES;
				CLANG_WARN_NON_LITERAL_NULL_CONVERSION = YES;
				CLANG_WARN_OBJC_IMPLICIT_RETAIN_SELF = YES;
				CLANG_WARN_OBJC_LITERAL_CONVERSION = YES;
				CLANG_WARN_OBJC_ROOT_CLASS = YES_ERROR;
				CLANG_WARN_QUOTED_INCLUDE_IN_FRAMEWORK_HEADER = YES;
				CLANG_WARN_RANGE_LOOP_ANALYSIS = YES;
				CLANG_WARN_STRICT_PROTOTYPES = YES;
				CLANG_WARN_SUSPICIOUS_MOVE = YES;
				CLANG_WARN_UNGUARDED_AVAILABILITY = YES_AGGRESSIVE;
				CLANG_WARN_UNREACHABLE_CODE = YES;
				CLANG_WARN__DUPLICATE_METHOD_MATCH = YES;
				COPY_PHASE_STRIP = NO;
				DEAD_CODE_STRIPPING = YES;
				DEBUG_INFORMATION_FORMAT = dwarf;
				ENABLE_STRICT_OBJC_MSGSEND = YES;
				ENABLE_TESTABILITY = YES;
				ENABLE_USER_SCRIPT_SANDBOXING = YES;
				GCC_C_LANGUAGE_STANDARD = gnu11;
				GCC_DYNAMIC_NO_PIC = NO;
				GCC_NO_COMMON_BLOCKS = YES;
				GCC_OPTIMIZATION_LEVEL = 0;
				GCC_PREPROCESSOR_DEFINITIONS = (
					"$(inherited)",
					"DEBUG=1",
				);
				GCC_WARN_64_TO_32_BIT_CONVERSION = YES;
				GCC_WARN_ABOUT_RETURN_TYPE = YES_ERROR;
				GCC_WARN_UNDECLARED_SELECTOR = YES;
				GCC_WARN_UNINITIALIZED_AUTOS = YES_AGGRESSIVE;
				GCC_WARN_UNUSED_FUNCTION = YES;
				GCC_WARN_UNUSED_VARIABLE = YES;
				MACOSX_DEPLOYMENT_TARGET = 14.0;
				MTL_ENABLE_DEBUG_INFO = INCLUDE_SOURCE;
				MTL_FAST_MATH = YES;
				ONLY_ACTIVE_ARCH = YES;
				PRODUCT_NAME = "$(TARGET_NAME)";
				SWIFT_ACTIVE_COMPILATION_CONDITIONS = DEBUG;
				SWIFT_EMIT_LOC_STRINGS = YES;
				SWIFT_OPTIMIZATION_LEVEL = "-Onone";
				SWIFT_VERSION = 5.0;
			};
			name = Debug;
		};
		7C3D093BF9D3D9C96A44987E /* Release */ = {
			isa = XCBuildConfiguration;
			buildSettings = {
				ASSETCATALOG_COMPILER_APPICON_NAME = AppIcon;
				CODE_SIGN_ENTITLEMENTS = Framer.entitlements;
				CODE_SIGN_STYLE = Automatic;
				COMBINE_HIDPI_IMAGES = YES;
				CURRENT_PROJECT_VERSION = 1;
				DEVELOPMENT_TEAM = QLW5M4WG7H;
				ENABLE_HARDENED_RUNTIME = YES;
				GENERATE_INFOPLIST_FILE = YES;
				INFOPLIST_KEY_CFBundleDisplayName = Framer;
				INFOPLIST_KEY_LSApplicationCategoryType = "public.app-category.photography";
				LD_RUNPATH_SEARCH_PATHS = (
					"$(inherited)",
					"@executable_path/../Frameworks",
				);
				MARKETING_VERSION = 2.0.0;
				PRODUCT_BUNDLE_IDENTIFIER = com.arthursoares.Framer;
				SDKROOT = macosx;
				SWIFT_ACTIVE_COMPILATION_CONDITIONS = "";
				SWIFT_STRICT_CONCURRENCY = complete;
			};
			name = Release;
		};
		9962975C118DC3861230BF1C /* Debug */ = {
			isa = XCBuildConfiguration;
			buildSettings = {
				ASSETCATALOG_COMPILER_APPICON_NAME = AppIcon;
				CODE_SIGN_IDENTITY = "iPhone Developer";
				CODE_SIGN_STYLE = Automatic;
				CURRENT_PROJECT_VERSION = 1;
				DEVELOPMENT_TEAM = QLW5M4WG7H;
				GENERATE_INFOPLIST_FILE = YES;
				INFOPLIST_KEY_CFBundleDisplayName = Framer;
				INFOPLIST_KEY_NSPhotoLibraryUsageDescription = "Framer needs access to your photo library to select and process photos.";
				INFOPLIST_KEY_UIAppFonts = "[AtkinsonHyperlegibleNext-Regular.ttf, AtkinsonHyperlegibleNext-Medium.ttf, AtkinsonHyperlegibleNext-SemiBold.ttf, AtkinsonHyperlegibleNext-Bold.ttf, SourceCodePro-Regular.ttf, SourceCodePro-Medium.ttf]";
				INFOPLIST_KEY_UILaunchScreen_Generation = YES;
				INFOPLIST_KEY_UISupportedInterfaceOrientations = UIInterfaceOrientationPortrait;
				IPHONEOS_DEPLOYMENT_TARGET = 17.0;
				LD_RUNPATH_SEARCH_PATHS = (
					"$(inherited)",
					"@executable_path/Frameworks",
				);
				MARKETING_VERSION = 1.0.0;
				PRODUCT_BUNDLE_IDENTIFIER = com.arthursoares.FramerMobile;
				SDKROOT = iphoneos;
				SWIFT_ACTIVE_COMPILATION_CONDITIONS = DEBUG;
				SWIFT_STRICT_CONCURRENCY = complete;
				TARGETED_DEVICE_FAMILY = "1,2";
			};
			name = Debug;
		};
		A3293CB23C510724B2E63887 /* Release */ = {
			isa = XCBuildConfiguration;
			buildSettings = {
				BUNDLE_LOADER = "$(TEST_HOST)";
				CODE_SIGN_STYLE = Automatic;
				COMBINE_HIDPI_IMAGES = YES;
				DEVELOPMENT_TEAM = QLW5M4WG7H;
				GENERATE_INFOPLIST_FILE = YES;
				LD_RUNPATH_SEARCH_PATHS = (
					"$(inherited)",
					"@executable_path/../Frameworks",
					"@loader_path/../Frameworks",
				);
				PRODUCT_BUNDLE_IDENTIFIER = com.arthursoares.FramerAppTests;
				SDKROOT = macosx;
				TEST_HOST = "$(BUILT_PRODUCTS_DIR)/Framer.app/Contents/MacOS/Framer";
			};
			name = Release;
		};
		B0D32A6973F9D7F8161AA847 /* Release */ = {
			isa = XCBuildConfiguration;
			buildSettings = {
				ASSETCATALOG_COMPILER_APPICON_NAME = AppIcon;
				CODE_SIGN_IDENTITY = "iPhone Developer";
				CODE_SIGN_STYLE = Automatic;
				CURRENT_PROJECT_VERSION = 1;
				DEVELOPMENT_TEAM = QLW5M4WG7H;
				GENERATE_INFOPLIST_FILE = YES;
				INFOPLIST_KEY_CFBundleDisplayName = Framer;
				INFOPLIST_KEY_NSPhotoLibraryUsageDescription = "Framer needs access to your photo library to select and process photos.";
				INFOPLIST_KEY_UIAppFonts = "[AtkinsonHyperlegibleNext-Regular.ttf, AtkinsonHyperlegibleNext-Medium.ttf, AtkinsonHyperlegibleNext-SemiBold.ttf, AtkinsonHyperlegibleNext-Bold.ttf, SourceCodePro-Regular.ttf, SourceCodePro-Medium.ttf]";
				INFOPLIST_KEY_UILaunchScreen_Generation = YES;
				INFOPLIST_KEY_UISupportedInterfaceOrientations = UIInterfaceOrientationPortrait;
				IPHONEOS_DEPLOYMENT_TARGET = 17.0;
				LD_RUNPATH_SEARCH_PATHS = (
					"$(inherited)",
					"@executable_path/Frameworks",
				);
				MARKETING_VERSION = 1.0.0;
				PRODUCT_BUNDLE_IDENTIFIER = com.arthursoares.FramerMobile;
				SDKROOT = iphoneos;
				SWIFT_ACTIVE_COMPILATION_CONDITIONS = "";
				SWIFT_STRICT_CONCURRENCY = complete;
				TARGETED_DEVICE_FAMILY = "1,2";
			};
			name = Release;
		};
/* End XCBuildConfiguration section */

/* Begin XCConfigurationList section */
		574C6649FA5221AF13B369DF /* Build configuration list for PBXProject "Framer" */ = {
			isa = XCConfigurationList;
			buildConfigurations = (
				6CFD7FAF682F27C46D4426AC /* Debug */,
				41587073A487953D58C95438 /* Release */,
			);
			defaultConfigurationIsVisible = 0;
			defaultConfigurationName = Debug;
		};
		6208556A4027EAE804ADCFAB /* Build configuration list for PBXNativeTarget "Framer" */ = {
			isa = XCConfigurationList;
			buildConfigurations = (
				027A0E1D68C8FA07873E42C9 /* Debug */,
				7C3D093BF9D3D9C96A44987E /* Release */,
			);
			defaultConfigurationIsVisible = 0;
			defaultConfigurationName = Debug;
		};
		946EAEF167671F8646E55745 /* Build configuration list for PBXNativeTarget "FramerMobile" */ = {
			isa = XCConfigurationList;
			buildConfigurations = (
				9962975C118DC3861230BF1C /* Debug */,
				B0D32A6973F9D7F8161AA847 /* Release */,
			);
			defaultConfigurationIsVisible = 0;
			defaultConfigurationName = Debug;
		};
		F95EFFC75D02A2457FBE27DA /* Build configuration list for PBXNativeTarget "FramerAppTests" */ = {
			isa = XCConfigurationList;
			buildConfigurations = (
				2E8619F37522A4C570F6151A /* Debug */,
				A3293CB23C510724B2E63887 /* Release */,
			);
			defaultConfigurationIsVisible = 0;
			defaultConfigurationName = Debug;
		};
/* End XCConfigurationList section */

/* Begin XCLocalSwiftPackageReference section */
		4B05723A617308862895A16A /* XCLocalSwiftPackageReference "." */ = {
			isa = XCLocalSwiftPackageReference;
			relativePath = .;
		};
/* End XCLocalSwiftPackageReference section */

/* Begin XCSwiftPackageProductDependency section */
		485E1F7CDB2606E54DEE58BD /* FramerCore */ = {
			isa = XCSwiftPackageProductDependency;
			productName = FramerCore;
		};
		EEF28B51AF5CD9A4B0B9F055 /* FramerCore */ = {
			isa = XCSwiftPackageProductDependency;
			productName = FramerCore;
		};
/* End XCSwiftPackageProductDependency section */
	};
	rootObject = 270BB2514E9354A729F67D29 /* Project object */;
}
