// !$*UTF8*$!
{
	archiveVersion = 1;
	classes = {
	};
	objectVersion = 77;
	objects = {

/* Begin PBXBuildFile section */
		02AB8ECED2BAEEB2B7CC18BA /* PreviewViewModel.swift in Sources */ = {isa = PBXBuildFile; fileRef = 8A6E6F60B12048759BD1E60C /* PreviewViewModel.swift */; };
		0974A12540B8D462AFB2C6CF /* textures in Resources */ = {isa = PBXBuildFile; fileRef = B1EC2164F8A3DF317311D2C8 /* textures */; };
		0C0C1F947657FD85A64B51B6 /* FramerMobileUITests.swift in Sources */ = {isa = PBXBuildFile; fileRef = 425EFECE38956C9B6C809768 /* FramerMobileUITests.swift */; };
		0D238E724D1D19B9165D6D5A /* PreviewViewModel.swift in Sources */ = {isa = PBXBuildFile; fileRef = 81F13602BA30AF5F90605B6C /* PreviewViewModel.swift */; };
		0ED0C53D70F7DDB0D7E3FE16 /* ZoomState.swift in Sources */ = {isa = PBXBuildFile; fileRef = 0688E0FFDF5CFC624EEB29D3 /* ZoomState.swift */; };
		100AF36A76D44046D6CBA6AC /* FormatPicker.swift in Sources */ = {isa = PBXBuildFile; fileRef = F9159A274519F6AA116746B0 /* FormatPicker.swift */; };
		12EF579A0D24FF0480262432 /* FramerAppUITests.swift in Sources */ = {isa = PBXBuildFile; fileRef = 43024B92FEC54D4439C40B3A /* FramerAppUITests.swift */; };
		17DE30D481F868766FABA5AB /* FilmstripThumbnail.swift in Sources */ = {isa = PBXBuildFile; fileRef = 5924AD678D9A7C9ED1381741 /* FilmstripThumbnail.swift */; };
		189C0C29CB6FD5F19617D667 /* PresetPreviewGrid.swift in Sources */ = {isa = PBXBuildFile; fileRef = 88CEC286BDB1ADC6E0637ACA /* PresetPreviewGrid.swift */; };
		218BC28CA8616930DD60EB0B /* CanvasView.swift in Sources */ = {isa = PBXBuildFile; fileRef = F0494695FD5895F111514FF4 /* CanvasView.swift */; };
		22B4EA7AD13FDCDD650065E9 /* DesignTokens.swift in Sources */ = {isa = PBXBuildFile; fileRef = F6480868FC28107D0497EDC8 /* DesignTokens.swift */; };
		28B7026CE98DD43E6D9501A9 /* ColorPickerWithHex.swift in Sources */ = {isa = PBXBuildFile; fileRef = 448D6F42AA7A9F492A2E3436 /* ColorPickerWithHex.swift */; };
		2C4077C14DDD32351C143C80 /* LayerDetailView.swift in Sources */ = {isa = PBXBuildFile; fileRef = 1DEB778B387F70ED23D4EBEB /* LayerDetailView.swift */; };
		368885FBBB78321CA6E2C3F8 /* ZoomState.swift in Sources */ = {isa = PBXBuildFile; fileRef = 265766D49FCE4081CCC68D33 /* ZoomState.swift */; };
		469EBA583F3674764B8E843A /* LayerListSection.swift in Sources */ = {isa = PBXBuildFile; fileRef = 07CE80E5C2C968E54B507CD5 /* LayerListSection.swift */; };
		4759FE09BC5EDE6615CB78BD /* FilmstripView.swift in Sources */ = {isa = PBXBuildFile; fileRef = EBB5F2F1E2A0DE99DC5BC5C5 /* FilmstripView.swift */; };
		49F7964DEFAF0AEBB4CFD3EB /* FramerMobileApp.swift in Sources */ = {isa = PBXBuildFile; fileRef = 64DCA5495F4E52EE9549C498 /* FramerMobileApp.swift */; };
		520BFA062991397A6556B18B /* PresetPreviewCard.swift in Sources */ = {isa = PBXBuildFile; fileRef = 1987EB46D78379EB25A7E6A5 /* PresetPreviewCard.swift */; };
		561898C8DF6823EB3F4391AC /* AsyncThumbnail.swift in Sources */ = {isa = PBXBuildFile; fileRef = 419FD91DCB79FF87568D1118 /* AsyncThumbnail.swift */; };
		5892BBEB7A0417F38655E94A /* EditorView.swift in Sources */ = {isa = PBXBuildFile; fileRef = 64CED49C5EAE3C454E6EFF20 /* EditorView.swift */; };
		5A2B972194FE5D29D42336D4 /* InspectorView.swift in Sources */ = {isa = PBXBuildFile; fileRef = 388ADD8B50D095C06DE84470 /* InspectorView.swift */; };
		6008AC967F78C371F1DE8F51 /* PreviewArea.swift in Sources */ = {isa = PBXBuildFile; fileRef = B2205885A0B72C7BB1800460 /* PreviewArea.swift */; };
		62B6DBD3B476520075DE5BB6 /* BottomPanel.swift in Sources */ = {isa = PBXBuildFile; fileRef = FC61E7BD757670C3FC26800E /* BottomPanel.swift */; };
		6D03D0240A8EA39304652EE3 /* StyledToggle.swift in Sources */ = {isa = PBXBuildFile; fileRef = FC4884C31EB565ED16A086DE /* StyledToggle.swift */; };
		6DB96B62D16D31C822C1E0FD /* ZoomIndicator.swift in Sources */ = {isa = PBXBuildFile; fileRef = AF1AFA1E768D2A7B8991C8FA /* ZoomIndicator.swift */; };
		71288A7B65CF0F1353EED346 /* AppState.swift in Sources */ = {isa = PBXBuildFile; fileRef = 2CCD20EFA5AE852B42CBE53D /* AppState.swift */; };
		758E594A560FD0C64D048985 /* FramerCore in Frameworks */ = {isa = PBXBuildFile; productRef = EEF28B51AF5CD9A4B0B9F055 /* FramerCore */; };
		76AD7FBCC435AE552A02CA23 /* ExportBar.swift in Sources */ = {isa = PBXBuildFile; fileRef = 2ECE914F3685664254BD04DB /* ExportBar.swift */; };
		7E26ACB4EBE5DD197F9C9E0C /* ExifInfoBar.swift in Sources */ = {isa = PBXBuildFile; fileRef = 69843CE860C9D64774BF6A76 /* ExifInfoBar.swift */; };
		83C339C5F6907392A7F11225 /* ImageThumbnailLoader.swift in Sources */ = {isa = PBXBuildFile; fileRef = D5BE1B7F799CD269EE2C1411 /* ImageThumbnailLoader.swift */; };
		89351323FE98DD1D4819C129 /* ProcessedImageExporter.swift in Sources */ = {isa = PBXBuildFile; fileRef = 4D4C9D2F7EEE1782B36EE37C /* ProcessedImageExporter.swift */; };
		8B4266040896BBED84762794 /* textures in Resources */ = {isa = PBXBuildFile; fileRef = B1EC2164F8A3DF317311D2C8 /* textures */; };
		9F2D984FABBFC95FBD860A67 /* fonts in Resources */ = {isa = PBXBuildFile; fileRef = F74958A269010D4B0BF9A7DE /* fonts */; };
		A0625A90953F91FB7DE0CB7A /* E2ETestConfiguration.swift in Sources */ = {isa = PBXBuildFile; fileRef = DDA539D28C6358FC3258571B /* E2ETestConfiguration.swift */; };
		AA43BBC52E8EC44FCDEA0FAB /* PresetStrip.swift in Sources */ = {isa = PBXBuildFile; fileRef = 5DDCA19609CC41C63AACE7A7 /* PresetStrip.swift */; };
		B4A1B551F2C9370D7663CAEC /* FramerCommands.swift in Sources */ = {isa = PBXBuildFile; fileRef = C20010735E58CE243ED6744A /* FramerCommands.swift */; };
		BFD769720511AA5C17E887CB /* ZoomIndicator.swift in Sources */ = {isa = PBXBuildFile; fileRef = 4DE56DAAC5828B812648B0F7 /* ZoomIndicator.swift */; };
		C37E4F0ACEACE1B0C38A0A44 /* FramerCore in Frameworks */ = {isa = PBXBuildFile; productRef = 485E1F7CDB2606E54DEE58BD /* FramerCore */; };
		D2E564203E647371EAED04D0 /* PreferencesView.swift in Sources */ = {isa = PBXBuildFile; fileRef = B7A795F9CA0BC01E3F2251A9 /* PreferencesView.swift */; };
		D77B3DB5026ED217740A45EA /* PresetPreviewCache.swift in Sources */ = {isa = PBXBuildFile; fileRef = F9F6A74EB78E794612D18120 /* PresetPreviewCache.swift */; };
		D7FE5C7F33D376CDFFC38EF1 /* DesignTokens.swift in Sources */ = {isa = PBXBuildFile; fileRef = 25B70C60CE00225EA953971F /* DesignTokens.swift */; };
		DAF4447EF4E27C19DC3B3FF0 /* FramerApp.swift in Sources */ = {isa = PBXBuildFile; fileRef = E4A8C555BBECD2011E74D76D /* FramerApp.swift */; };
		DBDA64D074DBEBB47CA50CD5 /* fonts in Resources */ = {isa = PBXBuildFile; fileRef = F74958A269010D4B0BF9A7DE /* fonts */; };
		E992F89644AAC8593486FFA5 /* E2ETestConfiguration.swift in Sources */ = {isa = PBXBuildFile; fileRef = ED326E6BF87E950213A67D5D /* E2ETestConfiguration.swift */; };
		EF8F6E68028E690EFF0EA667 /* AppState.swift in Sources */ = {isa = PBXBuildFile; fileRef = F5FEA0A44FC6AF06DDC8F260 /* AppState.swift */; };
		F28CEFF9394A0CAD1B963EDC /* LayerStrip.swift in Sources */ = {isa = PBXBuildFile; fileRef = CE5B96A143FA192F9CB0A8C1 /* LayerStrip.swift */; };
		FC5BB028D5897E5F76991EA5 /* ContentView.swift in Sources */ = {isa = PBXBuildFile; fileRef = 8154A40DD384301E5946B867 /* ContentView.swift */; };
		FC79FBDAF4E782AEE11A281A /* StyledSlider.swift in Sources */ = {isa = PBXBuildFile; fileRef = 124FCD0A6152E9E3838DD5A1 /* StyledSlider.swift */; };
/* End PBXBuildFile section */

/* Begin PBXContainerItemProxy section */
		2080D96B1142A0F7029AA61C /* PBXContainerItemProxy */ = {
			isa = PBXContainerItemProxy;
			containerPortal = 270BB2514E9354A729F67D29 /* Project object */;
			proxyType = 1;
			remoteGlobalIDString = 7B53F10D445F75CF087CE1C4;
			remoteInfo = Framer;
		};
		94BFE86972C072BFCAC20A96 /* PBXContainerItemProxy */ = {
			isa = PBXContainerItemProxy;
			containerPortal = 270BB2514E9354A729F67D29 /* Project object */;
			proxyType = 1;
			remoteGlobalIDString = 6B6245F15EBD4BFE5457220B;
			remoteInfo = FramerMobile;
		};
/* End PBXContainerItemProxy section */

/* Begin PBXFileReference section */
		0688E0FFDF5CFC624EEB29D3 /* ZoomState.swift */ = {isa = PBXFileReference; lastKnownFileType = sourcecode.swift; path = ZoomState.swift; sourceTree = "<group>"; };
		07CE80E5C2C968E54B507CD5 /* LayerListSection.swift */ = {isa = PBXFileReference; lastKnownFileType = sourcecode.swift; path = LayerListSection.swift; sourceTree = "<group>"; };
		124FCD0A6152E9E3838DD5A1 /* StyledSlider.swift */ = {isa = PBXFileReference; lastKnownFileType = sourcecode.swift; path = StyledSlider.swift; sourceTree = "<group>"; };
		1987EB46D78379EB25A7E6A5 /* PresetPreviewCard.swift */ = {isa = PBXFileReference; lastKnownFileType = sourcecode.swift; path = PresetPreviewCard.swift; sourceTree = "<group>"; };
		1DEB778B387F70ED23D4EBEB /* LayerDetailView.swift */ = {isa = PBXFileReference; lastKnownFileType = sourcecode.swift; path = LayerDetailView.swift; sourceTree = "<group>"; };
		25B70C60CE00225EA953971F /* DesignTokens.swift */ = {isa = PBXFileReference; lastKnownFileType = sourcecode.swift; path = DesignTokens.swift; sourceTree = "<group>"; };
		265766D49FCE4081CCC68D33 /* ZoomState.swift */ = {isa = PBXFileReference; lastKnownFileType = sourcecode.swift; path = ZoomState.swift; sourceTree = "<group>"; };
		2CCD20EFA5AE852B42CBE53D /* AppState.swift */ = {isa = PBXFileReference; lastKnownFileType = sourcecode.swift; path = AppState.swift; sourceTree = "<group>"; };
		2ECE914F3685664254BD04DB /* ExportBar.swift */ = {isa = PBXFileReference; lastKnownFileType = sourcecode.swift; path = ExportBar.swift; sourceTree = "<group>"; };
		388ADD8B50D095C06DE84470 /* InspectorView.swift */ = {isa = PBXFileReference; lastKnownFileType = sourcecode.swift; path = InspectorView.swift; sourceTree = "<group>"; };
		419FD91DCB79FF87568D1118 /* AsyncThumbnail.swift */ = {isa = PBXFileReference; lastKnownFileType = sourcecode.swift; path = AsyncThumbnail.swift; sourceTree = "<group>"; };
		425EFECE38956C9B6C809768 /* FramerMobileUITests.swift */ = {isa = PBXFileReference; lastKnownFileType = sourcecode.swift; path = FramerMobileUITests.swift; sourceTree = "<group>"; };
		43024B92FEC54D4439C40B3A /* FramerAppUITests.swift */ = {isa = PBXFileReference; lastKnownFileType = sourcecode.swift; path = FramerAppUITests.swift; sourceTree = "<group>"; };
		448D6F42AA7A9F492A2E3436 /* ColorPickerWithHex.swift */ = {isa = PBXFileReference; lastKnownFileType = sourcecode.swift; path = ColorPickerWithHex.swift; sourceTree = "<group>"; };
		4D4C9D2F7EEE1782B36EE37C /* ProcessedImageExporter.swift */ = {isa = PBXFileReference; lastKnownFileType = sourcecode.swift; path = ProcessedImageExporter.swift; sourceTree = "<group>"; };
		4DE56DAAC5828B812648B0F7 /* ZoomIndicator.swift */ = {isa = PBXFileReference; lastKnownFileType = sourcecode.swift; path = ZoomIndicator.swift; sourceTree = "<group>"; };
		5924AD678D9A7C9ED1381741 /* FilmstripThumbnail.swift */ = {isa = PBXFileReference; lastKnownFileType = sourcecode.swift; path = FilmstripThumbnail.swift; sourceTree = "<group>"; };
		5DDCA19609CC41C63AACE7A7 /* PresetStrip.swift */ = {isa = PBXFileReference; lastKnownFileType = sourcecode.swift; path = PresetStrip.swift; sourceTree = "<group>"; };
		64CED49C5EAE3C454E6EFF20 /* EditorView.swift */ = {isa = PBXFileReference; lastKnownFileType = sourcecode.swift; path = EditorView.swift; sourceTree = "<group>"; };
		64DCA5495F4E52EE9549C498 /* FramerMobileApp.swift */ = {isa = PBXFileReference; lastKnownFileType = sourcecode.swift; path = FramerMobileApp.swift; sourceTree = "<group>"; };
		69843CE860C9D64774BF6A76 /* ExifInfoBar.swift */ = {isa = PBXFileReference; lastKnownFileType = sourcecode.swift; path = ExifInfoBar.swift; sourceTree = "<group>"; };
		8154A40DD384301E5946B867 /* ContentView.swift */ = {isa = PBXFileReference; lastKnownFileType = sourcecode.swift; path = ContentView.swift; sourceTree = "<group>"; };
		81F13602BA30AF5F90605B6C /* PreviewViewModel.swift */ = {isa = PBXFileReference; lastKnownFileType = sourcecode.swift; path = PreviewViewModel.swift; sourceTree = "<group>"; };
		88CEC286BDB1ADC6E0637ACA /* PresetPreviewGrid.swift */ = {isa = PBXFileReference; lastKnownFileType = sourcecode.swift; path = PresetPreviewGrid.swift; sourceTree = "<group>"; };
		8A6E6F60B12048759BD1E60C /* PreviewViewModel.swift */ = {isa = PBXFileReference; lastKnownFileType = sourcecode.swift; path = PreviewViewModel.swift; sourceTree = "<group>"; };
		94C4B5B52C55AAA29EE56298 /* FramerUITests.xctest */ = {isa = PBXFileReference; explicitFileType = wrapper.cfbundle; includeInIndex = 0; path = FramerUITests.xctest; sourceTree = BUILT_PRODUCTS_DIR; };
		99841491BD0A545FF7E469B5 /* FramerMobile.app */ = {isa = PBXFileReference; includeInIndex = 0; lastKnownFileType = wrapper.application; path = FramerMobile.app; sourceTree = BUILT_PRODUCTS_DIR; };
		9B9A4BC738FB9F539C9A7AFB /* Framer.app */ = {isa = PBXFileReference; explicitFileType = wrapper.application; includeInIndex = 0; path = Framer.app; sourceTree = BUILT_PRODUCTS_DIR; };
		A42CC5783A564EBDB0A898DA /* test-e2e-foundation */ = {isa = PBXFileReference; lastKnownFileType = folder; name = "test-e2e-foundation"; path = .; sourceTree = SOURCE_ROOT; };
		AF1AFA1E768D2A7B8991C8FA /* ZoomIndicator.swift */ = {isa = PBXFileReference; lastKnownFileType = sourcecode.swift; path = ZoomIndicator.swift; sourceTree = "<group>"; };
		B1EC2164F8A3DF317311D2C8 /* textures */ = {isa = PBXFileReference; lastKnownFileType = folder; name = textures; path = assets/textures; sourceTree = SOURCE_ROOT; };
		B2205885A0B72C7BB1800460 /* PreviewArea.swift */ = {isa = PBXFileReference; lastKnownFileType = sourcecode.swift; path = PreviewArea.swift; sourceTree = "<group>"; };
		B7A795F9CA0BC01E3F2251A9 /* PreferencesView.swift */ = {isa = PBXFileReference; lastKnownFileType = sourcecode.swift; path = PreferencesView.swift; sourceTree = "<group>"; };
		C20010735E58CE243ED6744A /* FramerCommands.swift */ = {isa = PBXFileReference; lastKnownFileType = sourcecode.swift; path = FramerCommands.swift; sourceTree = "<group>"; };
		CA552BF73F587052B139298D /* FramerMobileUITests.xctest */ = {isa = PBXFileReference; includeInIndex = 0; lastKnownFileType = wrapper.cfbundle; path = FramerMobileUITests.xctest; sourceTree = BUILT_PRODUCTS_DIR; };
		CE5B96A143FA192F9CB0A8C1 /* LayerStrip.swift */ = {isa = PBXFileReference; lastKnownFileType = sourcecode.swift; path = LayerStrip.swift; sourceTree = "<group>"; };
		D5BE1B7F799CD269EE2C1411 /* ImageThumbnailLoader.swift */ = {isa = PBXFileReference; lastKnownFileType = sourcecode.swift; path = ImageThumbnailLoader.swift; sourceTree = "<group>"; };
		DDA539D28C6358FC3258571B /* E2ETestConfiguration.swift */ = {isa = PBXFileReference; lastKnownFileType = sourcecode.swift; path = E2ETestConfiguration.swift; sourceTree = "<group>"; };
		E4A8C555BBECD2011E74D76D /* FramerApp.swift */ = {isa = PBXFileReference; lastKnownFileType = sourcecode.swift; path = FramerApp.swift; sourceTree = "<group>"; };
		EBB5F2F1E2A0DE99DC5BC5C5 /* FilmstripView.swift */ = {isa = PBXFileReference; lastKnownFileType = sourcecode.swift; path = FilmstripView.swift; sourceTree = "<group>"; };
		ED326E6BF87E950213A67D5D /* E2ETestConfiguration.swift */ = {isa = PBXFileReference; lastKnownFileType = sourcecode.swift; path = E2ETestConfiguration.swift; sourceTree = "<group>"; };
		F0494695FD5895F111514FF4 /* CanvasView.swift */ = {isa = PBXFileReference; lastKnownFileType = sourcecode.swift; path = CanvasView.swift; sourceTree = "<group>"; };
		F5FEA0A44FC6AF06DDC8F260 /* AppState.swift */ = {isa = PBXFileReference; lastKnownFileType = sourcecode.swift; path = AppState.swift; sourceTree = "<group>"; };
		F6480868FC28107D0497EDC8 /* DesignTokens.swift */ = {isa = PBXFileReference; lastKnownFileType = sourcecode.swift; path = DesignTokens.swift; sourceTree = "<group>"; };
		F74958A269010D4B0BF9A7DE /* fonts */ = {isa = PBXFileReference; lastKnownFileType = folder; name = fonts; path = assets/fonts; sourceTree = SOURCE_ROOT; };
		F9159A274519F6AA116746B0 /* FormatPicker.swift */ = {isa = PBXFileReference; lastKnownFileType = sourcecode.swift; path = FormatPicker.swift; sourceTree = "<group>"; };
		F9F6A74EB78E794612D18120 /* PresetPreviewCache.swift */ = {isa = PBXFileReference; lastKnownFileType = sourcecode.swift; path = PresetPreviewCache.swift; sourceTree = "<group>"; };
		FC4884C31EB565ED16A086DE /* StyledToggle.swift */ = {isa = PBXFileReference; lastKnownFileType = sourcecode.swift; path = StyledToggle.swift; sourceTree = "<group>"; };
		FC61E7BD757670C3FC26800E /* BottomPanel.swift */ = {isa = PBXFileReference; lastKnownFileType = sourcecode.swift; path = BottomPanel.swift; sourceTree = "<group>"; };
/* End PBXFileReference section */

/* Begin PBXFrameworksBuildPhase section */
		B5AF77CC600ED9C9D876D282 /* Frameworks */ = {
			isa = PBXFrameworksBuildPhase;
			buildActionMask = 2147483647;
			files = (
				C37E4F0ACEACE1B0C38A0A44 /* FramerCore in Frameworks */,
			);
			runOnlyForDeploymentPostprocessing = 0;
		};
		C863ABBDC9111745579E74ED /* Frameworks */ = {
			isa = PBXFrameworksBuildPhase;
			buildActionMask = 2147483647;
			files = (
				758E594A560FD0C64D048985 /* FramerCore in Frameworks */,
			);
			runOnlyForDeploymentPostprocessing = 0;
		};
/* End PBXFrameworksBuildPhase section */

/* Begin PBXGroup section */
		0FC575DE2734E303F59BF0D8 /* App */ = {
			isa = PBXGroup;
			children = (
				2CCD20EFA5AE852B42CBE53D /* AppState.swift */,
				DDA539D28C6358FC3258571B /* E2ETestConfiguration.swift */,
				64DCA5495F4E52EE9549C498 /* FramerMobileApp.swift */,
				4D4C9D2F7EEE1782B36EE37C /* ProcessedImageExporter.swift */,
			);
			path = App;
			sourceTree = "<group>";
		};
		1435E1AB35705AD546EE83ED /* Editor */ = {
			isa = PBXGroup;
			children = (
				07CE80E5C2C968E54B507CD5 /* LayerListSection.swift */,
				8A6E6F60B12048759BD1E60C /* PreviewViewModel.swift */,
			);
			path = Editor;
			sourceTree = "<group>";
		};
		296068F0A3104E65E2A4BB22 /* FramerApp */ = {
			isa = PBXGroup;
			children = (
				8154A40DD384301E5946B867 /* ContentView.swift */,
				F0FD903B4E5363A1DB8E148F /* App */,
				8DC81B4D2EB12FB6EFD31F90 /* Canvas */,
				4273D08DF0A54A29AE440898 /* Controls */,
				1435E1AB35705AD546EE83ED /* Editor */,
				BCCA1E9CC6CC6C315E632268 /* Inspector */,
				BE3006FE609B8060402F6693 /* Presets */,
				60BDD709052B1BC8AF6A2258 /* Theme */,
			);
			name = FramerApp;
			path = Sources/FramerApp;
			sourceTree = "<group>";
		};
		3E46BDC06425BF2F25A27A1E /* Presets */ = {
			isa = PBXGroup;
			children = (
				5DDCA19609CC41C63AACE7A7 /* PresetStrip.swift */,
			);
			path = Presets;
			sourceTree = "<group>";
		};
		424C63E0B636AC64E5686968 /* FramerAppUITests */ = {
			isa = PBXGroup;
			children = (
				43024B92FEC54D4439C40B3A /* FramerAppUITests.swift */,
			);
			name = FramerAppUITests;
			path = Tests/FramerAppUITests;
			sourceTree = "<group>";
		};
		425CCC8F8EA4926067460440 /* Preview */ = {
			isa = PBXGroup;
			children = (
				F9F6A74EB78E794612D18120 /* PresetPreviewCache.swift */,
				81F13602BA30AF5F90605B6C /* PreviewViewModel.swift */,
			);
			path = Preview;
			sourceTree = "<group>";
		};
		4273D08DF0A54A29AE440898 /* Controls */ = {
			isa = PBXGroup;
			children = (
				448D6F42AA7A9F492A2E3436 /* ColorPickerWithHex.swift */,
				F9159A274519F6AA116746B0 /* FormatPicker.swift */,
				124FCD0A6152E9E3838DD5A1 /* StyledSlider.swift */,
				FC4884C31EB565ED16A086DE /* StyledToggle.swift */,
			);
			path = Controls;
			sourceTree = "<group>";
		};
		5B7FA0D0562889039FB9BC72 /* Editor */ = {
			isa = PBXGroup;
			children = (
				FC61E7BD757670C3FC26800E /* BottomPanel.swift */,
				64CED49C5EAE3C454E6EFF20 /* EditorView.swift */,
				B2205885A0B72C7BB1800460 /* PreviewArea.swift */,
				4DE56DAAC5828B812648B0F7 /* ZoomIndicator.swift */,
				0688E0FFDF5CFC624EEB29D3 /* ZoomState.swift */,
			);
			path = Editor;
			sourceTree = "<group>";
		};
		60BDD709052B1BC8AF6A2258 /* Theme */ = {
			isa = PBXGroup;
			children = (
				F6480868FC28107D0497EDC8 /* DesignTokens.swift */,
			);
			path = Theme;
			sourceTree = "<group>";
		};
		7D825B17DCB66536061D7875 /* FramerMobile */ = {
			isa = PBXGroup;
			children = (
				0FC575DE2734E303F59BF0D8 /* App */,
				5B7FA0D0562889039FB9BC72 /* Editor */,
				EB985CA123EA998F263BD17F /* Layers */,
				3E46BDC06425BF2F25A27A1E /* Presets */,
				425CCC8F8EA4926067460440 /* Preview */,
				FDA00B38533D666087E78629 /* Theme */,
			);
			name = FramerMobile;
			path = Sources/FramerMobile;
			sourceTree = "<group>";
		};
		8DC81B4D2EB12FB6EFD31F90 /* Canvas */ = {
			isa = PBXGroup;
			children = (
				419FD91DCB79FF87568D1118 /* AsyncThumbnail.swift */,
				F0494695FD5895F111514FF4 /* CanvasView.swift */,
				69843CE860C9D64774BF6A76 /* ExifInfoBar.swift */,
				5924AD678D9A7C9ED1381741 /* FilmstripThumbnail.swift */,
				EBB5F2F1E2A0DE99DC5BC5C5 /* FilmstripView.swift */,
				D5BE1B7F799CD269EE2C1411 /* ImageThumbnailLoader.swift */,
				AF1AFA1E768D2A7B8991C8FA /* ZoomIndicator.swift */,
				265766D49FCE4081CCC68D33 /* ZoomState.swift */,
			);
			path = Canvas;
			sourceTree = "<group>";
		};
		ABCB5D29C63582CBA977A264 /* FramerMobileUITests */ = {
			isa = PBXGroup;
			children = (
				425EFECE38956C9B6C809768 /* FramerMobileUITests.swift */,
			);
			name = FramerMobileUITests;
			path = Tests/FramerMobileUITests;
			sourceTree = "<group>";
		};
		B5A0391E294805ACCD5427AD /* Products */ = {
			isa = PBXGroup;
			children = (
				9B9A4BC738FB9F539C9A7AFB /* Framer.app */,
				99841491BD0A545FF7E469B5 /* FramerMobile.app */,
				CA552BF73F587052B139298D /* FramerMobileUITests.xctest */,
				94C4B5B52C55AAA29EE56298 /* FramerUITests.xctest */,
			);
			name = Products;
			sourceTree = "<group>";
		};
		BCCA1E9CC6CC6C315E632268 /* Inspector */ = {
			isa = PBXGroup;
			children = (
				2ECE914F3685664254BD04DB /* ExportBar.swift */,
				388ADD8B50D095C06DE84470 /* InspectorView.swift */,
			);
			path = Inspector;
			sourceTree = "<group>";
		};
		BE3006FE609B8060402F6693 /* Presets */ = {
			isa = PBXGroup;
			children = (
				1987EB46D78379EB25A7E6A5 /* PresetPreviewCard.swift */,
				88CEC286BDB1ADC6E0637ACA /* PresetPreviewGrid.swift */,
			);
			path = Presets;
			sourceTree = "<group>";
		};
		BF7EB4914AD9DF4212A2FFEA /* Packages */ = {
			isa = PBXGroup;
			children = (
				A42CC5783A564EBDB0A898DA /* test-e2e-foundation */,
			);
			name = Packages;
			sourceTree = "<group>";
		};
		C63F9FF810251FA7EBE3B6F1 = {
			isa = PBXGroup;
			children = (
				F74958A269010D4B0BF9A7DE /* fonts */,
				B1EC2164F8A3DF317311D2C8 /* textures */,
				296068F0A3104E65E2A4BB22 /* FramerApp */,
				424C63E0B636AC64E5686968 /* FramerAppUITests */,
				7D825B17DCB66536061D7875 /* FramerMobile */,
				ABCB5D29C63582CBA977A264 /* FramerMobileUITests */,
				BF7EB4914AD9DF4212A2FFEA /* Packages */,
				B5A0391E294805ACCD5427AD /* Products */,
			);
			sourceTree = "<group>";
		};
		EB985CA123EA998F263BD17F /* Layers */ = {
			isa = PBXGroup;
			children = (
				1DEB778B387F70ED23D4EBEB /* LayerDetailView.swift */,
				CE5B96A143FA192F9CB0A8C1 /* LayerStrip.swift */,
			);
			path = Layers;
			sourceTree = "<group>";
		};
		F0FD903B4E5363A1DB8E148F /* App */ = {
			isa = PBXGroup;
			children = (
				F5FEA0A44FC6AF06DDC8F260 /* AppState.swift */,
				ED326E6BF87E950213A67D5D /* E2ETestConfiguration.swift */,
				E4A8C555BBECD2011E74D76D /* FramerApp.swift */,
				C20010735E58CE243ED6744A /* FramerCommands.swift */,
				B7A795F9CA0BC01E3F2251A9 /* PreferencesView.swift */,
			);
			path = App;
			sourceTree = "<group>";
		};
		FDA00B38533D666087E78629 /* Theme */ = {
			isa = PBXGroup;
			children = (
				25B70C60CE00225EA953971F /* DesignTokens.swift */,
			);
			path = Theme;
			sourceTree = "<group>";
		};
/* End PBXGroup section */

/* Begin PBXNativeTarget section */
		6B6245F15EBD4BFE5457220B /* FramerMobile */ = {
			isa = PBXNativeTarget;
			buildConfigurationList = 946EAEF167671F8646E55745 /* Build configuration list for PBXNativeTarget "FramerMobile" */;
			buildPhases = (
				1680AE34F8214FB537A7690C /* Sources */,
				1B0A04CD244FC7CBC658F08C /* Resources */,
				C863ABBDC9111745579E74ED /* Frameworks */,
			);
			buildRules = (
			);
			dependencies = (
			);
			name = FramerMobile;
			packageProductDependencies = (
				EEF28B51AF5CD9A4B0B9F055 /* FramerCore */,
			);
			productName = FramerMobile;
			productReference = 99841491BD0A545FF7E469B5 /* FramerMobile.app */;
			productType = "com.apple.product-type.application";
		};
		7B53F10D445F75CF087CE1C4 /* Framer */ = {
			isa = PBXNativeTarget;
			buildConfigurationList = 6208556A4027EAE804ADCFAB /* Build configuration list for PBXNativeTarget "Framer" */;
			buildPhases = (
				8468BE8C916A4C463E92FD05 /* Sources */,
				10E0643B1D9AEB42276D8C55 /* Resources */,
				B5AF77CC600ED9C9D876D282 /* Frameworks */,
			);
			buildRules = (
			);
			dependencies = (
			);
			name = Framer;
			packageProductDependencies = (
				485E1F7CDB2606E54DEE58BD /* FramerCore */,
			);
			productName = Framer;
			productReference = 9B9A4BC738FB9F539C9A7AFB /* Framer.app */;
			productType = "com.apple.product-type.application";
		};
		ABAB5EE806FCBDDBDD5B2B6E /* FramerUITests */ = {
			isa = PBXNativeTarget;
			buildConfigurationList = 0D6F9EE34F609EA0596A0333 /* Build configuration list for PBXNativeTarget "FramerUITests" */;
			buildPhases = (
				94DFD933DE77B221B07185AA /* Sources */,
			);
			buildRules = (
			);
			dependencies = (
				38E322B71A2583D2DA67C37D /* PBXTargetDependency */,
			);
			name = FramerUITests;
			packageProductDependencies = (
			);
			productName = FramerUITests;
			productReference = 94C4B5B52C55AAA29EE56298 /* FramerUITests.xctest */;
			productType = "com.apple.product-type.bundle.ui-testing";
		};
		BF67E751BD8895FB3052AC75 /* FramerMobileUITests */ = {
			isa = PBXNativeTarget;
			buildConfigurationList = 11707A86017160924A93195A /* Build configuration list for PBXNativeTarget "FramerMobileUITests" */;
			buildPhases = (
				09BDA0A6A0A3764B0BE001F0 /* Sources */,
			);
			buildRules = (
			);
			dependencies = (
				12D829E5D6EAF41EC5477DD2 /* PBXTargetDependency */,
			);
			name = FramerMobileUITests;
			packageProductDependencies = (
			);
			productName = FramerMobileUITests;
			productReference = CA552BF73F587052B139298D /* FramerMobileUITests.xctest */;
			productType = "com.apple.product-type.bundle.ui-testing";
		};
/* End PBXNativeTarget section */

/* Begin PBXProject section */
		270BB2514E9354A729F67D29 /* Project object */ = {
			isa = PBXProject;
			attributes = {
				BuildIndependentTargetsInParallel = YES;
				LastUpgradeCheck = 1600;
				TargetAttributes = {
					6B6245F15EBD4BFE5457220B = {
						DevelopmentTeam = QLW5M4WG7H;
						ProvisioningStyle = Automatic;
					};
					7B53F10D445F75CF087CE1C4 = {
						DevelopmentTeam = QLW5M4WG7H;
						ProvisioningStyle = Automatic;
					};
					ABAB5EE806FCBDDBDD5B2B6E = {
						TestTargetID = 7B53F10D445F75CF087CE1C4;
					};
					BF67E751BD8895FB3052AC75 = {
						TestTargetID = 6B6245F15EBD4BFE5457220B;
					};
				};
			};
			buildConfigurationList = 574C6649FA5221AF13B369DF /* Build configuration list for PBXProject "Framer" */;
			developmentRegion = en;
			hasScannedForEncodings = 0;
			knownRegions = (
				Base,
				en,
			);
			mainGroup = C63F9FF810251FA7EBE3B6F1;
			minimizedProjectReferenceProxies = 1;
			packageReferences = (
				4B05723A617308862895A16A /* XCLocalSwiftPackageReference "." */,
			);
			preferredProjectObjectVersion = 77;
			productRefGroup = B5A0391E294805ACCD5427AD /* Products */;
			projectDirPath = "";
			projectRoot = "";
			targets = (
				7B53F10D445F75CF087CE1C4 /* Framer */,
				6B6245F15EBD4BFE5457220B /* FramerMobile */,
				BF67E751BD8895FB3052AC75 /* FramerMobileUITests */,
				ABAB5EE806FCBDDBDD5B2B6E /* FramerUITests */,
			);
		};
/* End PBXProject section */

/* Begin PBXResourcesBuildPhase section */
		10E0643B1D9AEB42276D8C55 /* Resources */ = {
			isa = PBXResourcesBuildPhase;
			buildActionMask = 2147483647;
			files = (
				9F2D984FABBFC95FBD860A67 /* fonts in Resources */,
				8B4266040896BBED84762794 /* textures in Resources */,
			);
			runOnlyForDeploymentPostprocessing = 0;
		};
		1B0A04CD244FC7CBC658F08C /* Resources */ = {
			isa = PBXResourcesBuildPhase;
			buildActionMask = 2147483647;
			files = (
				DBDA64D074DBEBB47CA50CD5 /* fonts in Resources */,
				0974A12540B8D462AFB2C6CF /* textures in Resources */,
			);
			runOnlyForDeploymentPostprocessing = 0;
		};
/* End PBXResourcesBuildPhase section */

/* Begin PBXSourcesBuildPhase section */
		09BDA0A6A0A3764B0BE001F0 /* Sources */ = {
			isa = PBXSourcesBuildPhase;
			buildActionMask = 2147483647;
			files = (
				0C0C1F947657FD85A64B51B6 /* FramerMobileUITests.swift in Sources */,
			);
			runOnlyForDeploymentPostprocessing = 0;
		};
		1680AE34F8214FB537A7690C /* Sources */ = {
			isa = PBXSourcesBuildPhase;
			buildActionMask = 2147483647;
			files = (
				71288A7B65CF0F1353EED346 /* AppState.swift in Sources */,
				62B6DBD3B476520075DE5BB6 /* BottomPanel.swift in Sources */,
				D7FE5C7F33D376CDFFC38EF1 /* DesignTokens.swift in Sources */,
				A0625A90953F91FB7DE0CB7A /* E2ETestConfiguration.swift in Sources */,
				5892BBEB7A0417F38655E94A /* EditorView.swift in Sources */,
				49F7964DEFAF0AEBB4CFD3EB /* FramerMobileApp.swift in Sources */,
				2C4077C14DDD32351C143C80 /* LayerDetailView.swift in Sources */,
				F28CEFF9394A0CAD1B963EDC /* LayerStrip.swift in Sources */,
				D77B3DB5026ED217740A45EA /* PresetPreviewCache.swift in Sources */,
				AA43BBC52E8EC44FCDEA0FAB /* PresetStrip.swift in Sources */,
				6008AC967F78C371F1DE8F51 /* PreviewArea.swift in Sources */,
				0D238E724D1D19B9165D6D5A /* PreviewViewModel.swift in Sources */,
				89351323FE98DD1D4819C129 /* ProcessedImageExporter.swift in Sources */,
				BFD769720511AA5C17E887CB /* ZoomIndicator.swift in Sources */,
				0ED0C53D70F7DDB0D7E3FE16 /* ZoomState.swift in Sources */,
			);
			runOnlyForDeploymentPostprocessing = 0;
		};
		8468BE8C916A4C463E92FD05 /* Sources */ = {
			isa = PBXSourcesBuildPhase;
			buildActionMask = 2147483647;
			files = (
				EF8F6E68028E690EFF0EA667 /* AppState.swift in Sources */,
				561898C8DF6823EB3F4391AC /* AsyncThumbnail.swift in Sources */,
				218BC28CA8616930DD60EB0B /* CanvasView.swift in Sources */,
				28B7026CE98DD43E6D9501A9 /* ColorPickerWithHex.swift in Sources */,
				FC5BB028D5897E5F76991EA5 /* ContentView.swift in Sources */,
				22B4EA7AD13FDCDD650065E9 /* DesignTokens.swift in Sources */,
				E992F89644AAC8593486FFA5 /* E2ETestConfiguration.swift in Sources */,
				7E26ACB4EBE5DD197F9C9E0C /* ExifInfoBar.swift in Sources */,
				76AD7FBCC435AE552A02CA23 /* ExportBar.swift in Sources */,
				17DE30D481F868766FABA5AB /* FilmstripThumbnail.swift in Sources */,
				4759FE09BC5EDE6615CB78BD /* FilmstripView.swift in Sources */,
				100AF36A76D44046D6CBA6AC /* FormatPicker.swift in Sources */,
				DAF4447EF4E27C19DC3B3FF0 /* FramerApp.swift in Sources */,
				B4A1B551F2C9370D7663CAEC /* FramerCommands.swift in Sources */,
				83C339C5F6907392A7F11225 /* ImageThumbnailLoader.swift in Sources */,
				5A2B972194FE5D29D42336D4 /* InspectorView.swift in Sources */,
				469EBA583F3674764B8E843A /* LayerListSection.swift in Sources */,
				D2E564203E647371EAED04D0 /* PreferencesView.swift in Sources */,
				520BFA062991397A6556B18B /* PresetPreviewCard.swift in Sources */,
				189C0C29CB6FD5F19617D667 /* PresetPreviewGrid.swift in Sources */,
				02AB8ECED2BAEEB2B7CC18BA /* PreviewViewModel.swift in Sources */,
				FC79FBDAF4E782AEE11A281A /* StyledSlider.swift in Sources */,
				6D03D0240A8EA39304652EE3 /* StyledToggle.swift in Sources */,
				6DB96B62D16D31C822C1E0FD /* ZoomIndicator.swift in Sources */,
				368885FBBB78321CA6E2C3F8 /* ZoomState.swift in Sources */,
			);
			runOnlyForDeploymentPostprocessing = 0;
		};
		94DFD933DE77B221B07185AA /* Sources */ = {
			isa = PBXSourcesBuildPhase;
			buildActionMask = 2147483647;
			files = (
				12EF579A0D24FF0480262432 /* FramerAppUITests.swift in Sources */,
			);
			runOnlyForDeploymentPostprocessing = 0;
		};
/* End PBXSourcesBuildPhase section */

/* Begin PBXTargetDependency section */
		12D829E5D6EAF41EC5477DD2 /* PBXTargetDependency */ = {
			isa = PBXTargetDependency;
			target = 6B6245F15EBD4BFE5457220B /* FramerMobile */;
			targetProxy = 94BFE86972C072BFCAC20A96 /* PBXContainerItemProxy */;
		};
		38E322B71A2583D2DA67C37D /* PBXTargetDependency */ = {
			isa = PBXTargetDependency;
			target = 7B53F10D445F75CF087CE1C4 /* Framer */;
			targetProxy = 2080D96B1142A0F7029AA61C /* PBXContainerItemProxy */;
		};
/* End PBXTargetDependency section */

/* Begin XCBuildConfiguration section */
		027A0E1D68C8FA07873E42C9 /* Debug */ = {
			isa = XCBuildConfiguration;
			buildSettings = {
				ASSETCATALOG_COMPILER_APPICON_NAME = AppIcon;
				CODE_SIGN_ENTITLEMENTS = Framer.entitlements;
				CODE_SIGN_STYLE = Automatic;
				COMBINE_HIDPI_IMAGES = YES;
				CURRENT_PROJECT_VERSION = 1;
				DEVELOPMENT_TEAM = QLW5M4WG7H;
				ENABLE_HARDENED_RUNTIME = YES;
				GENERATE_INFOPLIST_FILE = YES;
				INFOPLIST_KEY_CFBundleDisplayName = Framer;
				INFOPLIST_KEY_LSApplicationCategoryType = "public.app-category.photography";
				LD_RUNPATH_SEARCH_PATHS = (
					"$(inherited)",
					"@executable_path/../Frameworks",
				);
				MARKETING_VERSION = 2.0.0;
				PRODUCT_BUNDLE_IDENTIFIER = com.arthursoares.Framer;
				SDKROOT = macosx;
				SWIFT_ACTIVE_COMPILATION_CONDITIONS = DEBUG;
				SWIFT_STRICT_CONCURRENCY = complete;
			};
			name = Debug;
		};
		0A43EE88232C7C16C055218C /* Debug */ = {
			isa = XCBuildConfiguration;
			buildSettings = {
				BUNDLE_LOADER = "$(TEST_HOST)";
				GENERATE_INFOPLIST_FILE = YES;
				IPHONEOS_DEPLOYMENT_TARGET = 17.0;
				LD_RUNPATH_SEARCH_PATHS = (
					"$(inherited)",
					"@executable_path/Frameworks",
					"@loader_path/Frameworks",
				);
				PRODUCT_BUNDLE_IDENTIFIER = com.arthursoares.FramerMobileUITests;
				SDKROOT = iphoneos;
				TARGETED_DEVICE_FAMILY = "1,2";
				TEST_TARGET_NAME = FramerMobile;
			};
			name = Debug;
		};
		41587073A487953D58C95438 /* Release */ = {
			isa = XCBuildConfiguration;
			buildSettings = {
				ALWAYS_SEARCH_USER_PATHS = NO;
				CLANG_ANALYZER_NONNULL = YES;
				CLANG_ANALYZER_NUMBER_OBJECT_CONVERSION = YES_AGGRESSIVE;
				CLANG_CXX_LANGUAGE_STANDARD = "gnu++14";
				CLANG_CXX_LIBRARY = "libc++";
				CLANG_ENABLE_MODULES = YES;
				CLANG_ENABLE_OBJC_ARC = YES;
				CLANG_ENABLE_OBJC_WEAK = YES;
				CLANG_WARN_BLOCK_CAPTURE_AUTORELEASING = YES;
				CLANG_WARN_BOOL_CONVERSION = YES;
				CLANG_WARN_COMMA = YES;
				CLANG_WARN_CONSTANT_CONVERSION = YES;
				CLANG_WARN_DEPRECATED_OBJC_IMPLEMENTATIONS = YES;
				CLANG_WARN_DIRECT_OBJC_ISA_USAGE = YES_ERROR;
				CLANG_WARN_DOCUMENTATION_COMMENTS = YES;
				CLANG_WARN_EMPTY_BODY = YES;
				CLANG_WARN_ENUM_CONVERSION = YES;
				CLANG_WARN_INFINITE_RECURSION = YES;
				CLANG_WARN_INT_CONVERSION = YES;
				CLANG_WARN_NON_LITERAL_NULL_CONVERSION = YES;
				CLANG_WARN_OBJC_IMPLICIT_RETAIN_SELF = YES;
				CLANG_WARN_OBJC_LITERAL_CONVERSION = YES;
				CLANG_WARN_OBJC_ROOT_CLASS = YES_ERROR;
				CLANG_WARN_QUOTED_INCLUDE_IN_FRAMEWORK_HEADER = YES;
				CLANG_WARN_RANGE_LOOP_ANALYSIS = YES;
				CLANG_WARN_STRICT_PROTOTYPES = YES;
				CLANG_WARN_SUSPICIOUS_MOVE = YES;
				CLANG_WARN_UNGUARDED_AVAILABILITY = YES_AGGRESSIVE;
				CLANG_WARN_UNREACHABLE_CODE = YES;
				CLANG_WARN__DUPLICATE_METHOD_MATCH = YES;
				COPY_PHASE_STRIP = NO;
				DEAD_CODE_STRIPPING = YES;
				DEBUG_INFORMATION_FORMAT = "dwarf-with-dsym";
				ENABLE_NS_ASSERTIONS = NO;
				ENABLE_STRICT_OBJC_MSGSEND = YES;
				ENABLE_USER_SCRIPT_SANDBOXING = YES;
				GCC_C_LANGUAGE_STANDARD = gnu11;
				GCC_NO_COMMON_BLOCKS = YES;
				GCC_WARN_64_TO_32_BIT_CONVERSION = YES;
				GCC_WARN_ABOUT_RETURN_TYPE = YES_ERROR;
				GCC_WARN_UNDECLARED_SELECTOR = YES;
				GCC_WARN_UNINITIALIZED_AUTOS = YES_AGGRESSIVE;
				GCC_WARN_UNUSED_FUNCTION = YES;
				GCC_WARN_UNUSED_VARIABLE = YES;
				MACOSX_DEPLOYMENT_TARGET = 14.0;
				MTL_ENABLE_DEBUG_INFO = NO;
				MTL_FAST_MATH = YES;
				PRODUCT_NAME = "$(TARGET_NAME)";
				SWIFT_COMPILATION_MODE = wholemodule;
				SWIFT_EMIT_LOC_STRINGS = YES;
				SWIFT_OPTIMIZATION_LEVEL = "-O";
				SWIFT_VERSION = 5.0;
			};
			name = Release;
		};
		6A3FE63FBE141849A0BDFA48 /* Release */ = {
			isa = XCBuildConfiguration;
			buildSettings = {
				BUNDLE_LOADER = "$(TEST_HOST)";
				COMBINE_HIDPI_IMAGES = YES;
				GENERATE_INFOPLIST_FILE = YES;
				LD_RUNPATH_SEARCH_PATHS = (
					"$(inherited)",
					"@executable_path/Frameworks",
					"@loader_path/Frameworks",
				);
				PRODUCT_BUNDLE_IDENTIFIER = com.arthursoares.FramerUITests;
				SDKROOT = macosx;
				TEST_TARGET_NAME = Framer;
			};
			name = Release;
		};
		6CFD7FAF682F27C46D4426AC /* Debug */ = {
			isa = XCBuildConfiguration;
			buildSettings = {
				ALWAYS_SEARCH_USER_PATHS = NO;
				CLANG_ANALYZER_NONNULL = YES;
				CLANG_ANALYZER_NUMBER_OBJECT_CONVERSION = YES_AGGRESSIVE;
				CLANG_CXX_LANGUAGE_STANDARD = "gnu++14";
				CLANG_CXX_LIBRARY = "libc++";
				CLANG_ENABLE_MODULES = YES;
				CLANG_ENABLE_OBJC_ARC = YES;
				CLANG_ENABLE_OBJC_WEAK = YES;
				CLANG_WARN_BLOCK_CAPTURE_AUTORELEASING = YES;
				CLANG_WARN_BOOL_CONVERSION = YES;
				CLANG_WARN_COMMA = YES;
				CLANG_WARN_CONSTANT_CONVERSION = YES;
				CLANG_WARN_DEPRECATED_OBJC_IMPLEMENTATIONS = YES;
				CLANG_WARN_DIRECT_OBJC_ISA_USAGE = YES_ERROR;
				CLANG_WARN_DOCUMENTATION_COMMENTS = YES;
				CLANG_WARN_EMPTY_BODY = YES;
				CLANG_WARN_ENUM_CONVERSION = YES;
				CLANG_WARN_INFINITE_RECURSION = YES;
				CLANG_WARN_INT_CONVERSION = YES;
				CLANG_WARN_NON_LITERAL_NULL_CONVERSION = YES;
				CLANG_WARN_OBJC_IMPLICIT_RETAIN_SELF = YES;
				CLANG_WARN_OBJC_LITERAL_CONVERSION = YES;
				CLANG_WARN_OBJC_ROOT_CLASS = YES_ERROR;
				CLANG_WARN_QUOTED_INCLUDE_IN_FRAMEWORK_HEADER = YES;
				CLANG_WARN_RANGE_LOOP_ANALYSIS = YES;
				CLANG_WARN_STRICT_PROTOTYPES = YES;
				CLANG_WARN_SUSPICIOUS_MOVE = YES;
				CLANG_WARN_UNGUARDED_AVAILABILITY = YES_AGGRESSIVE;
				CLANG_WARN_UNREACHABLE_CODE = YES;
				CLANG_WARN__DUPLICATE_METHOD_MATCH = YES;
				COPY_PHASE_STRIP = NO;
				DEAD_CODE_STRIPPING = YES;
				DEBUG_INFORMATION_FORMAT = dwarf;
				ENABLE_STRICT_OBJC_MSGSEND = YES;
				ENABLE_TESTABILITY = YES;
				ENABLE_USER_SCRIPT_SANDBOXING = YES;
				GCC_C_LANGUAGE_STANDARD = gnu11;
				GCC_DYNAMIC_NO_PIC = NO;
				GCC_NO_COMMON_BLOCKS = YES;
				GCC_OPTIMIZATION_LEVEL = 0;
				GCC_PREPROCESSOR_DEFINITIONS = (
					"$(inherited)",
					"DEBUG=1",
				);
				GCC_WARN_64_TO_32_BIT_CONVERSION = YES;
				GCC_WARN_ABOUT_RETURN_TYPE = YES_ERROR;
				GCC_WARN_UNDECLARED_SELECTOR = YES;
				GCC_WARN_UNINITIALIZED_AUTOS = YES_AGGRESSIVE;
				GCC_WARN_UNUSED_FUNCTION = YES;
				GCC_WARN_UNUSED_VARIABLE = YES;
				MACOSX_DEPLOYMENT_TARGET = 14.0;
				MTL_ENABLE_DEBUG_INFO = INCLUDE_SOURCE;
				MTL_FAST_MATH = YES;
				ONLY_ACTIVE_ARCH = YES;
				PRODUCT_NAME = "$(TARGET_NAME)";
				SWIFT_ACTIVE_COMPILATION_CONDITIONS = DEBUG;
				SWIFT_EMIT_LOC_STRINGS = YES;
				SWIFT_OPTIMIZATION_LEVEL = "-Onone";
				SWIFT_VERSION = 5.0;
			};
			name = Debug;
		};
		7C3D093BF9D3D9C96A44987E /* Release */ = {
			isa = XCBuildConfiguration;
			buildSettings = {
				ASSETCATALOG_COMPILER_APPICON_NAME = AppIcon;
				CODE_SIGN_ENTITLEMENTS = Framer.entitlements;
				CODE_SIGN_STYLE = Automatic;
				COMBINE_HIDPI_IMAGES = YES;
				CURRENT_PROJECT_VERSION = 1;
				DEVELOPMENT_TEAM = QLW5M4WG7H;
				ENABLE_HARDENED_RUNTIME = YES;
				GENERATE_INFOPLIST_FILE = YES;
				INFOPLIST_KEY_CFBundleDisplayName = Framer;
				INFOPLIST_KEY_LSApplicationCategoryType = "public.app-category.photography";
				LD_RUNPATH_SEARCH_PATHS = (
					"$(inherited)",
					"@executable_path/../Frameworks",
				);
				MARKETING_VERSION = 2.0.0;
				PRODUCT_BUNDLE_IDENTIFIER = com.arthursoares.Framer;
				SDKROOT = macosx;
				SWIFT_ACTIVE_COMPILATION_CONDITIONS = "";
				SWIFT_STRICT_CONCURRENCY = complete;
			};
			name = Release;
		};
		9962975C118DC3861230BF1C /* Debug */ = {
			isa = XCBuildConfiguration;
			buildSettings = {
				ASSETCATALOG_COMPILER_APPICON_NAME = AppIcon;
				CODE_SIGN_IDENTITY = "iPhone Developer";
				CODE_SIGN_STYLE = Automatic;
				CURRENT_PROJECT_VERSION = 1;
				DEVELOPMENT_TEAM = QLW5M4WG7H;
				GENERATE_INFOPLIST_FILE = YES;
				INFOPLIST_KEY_CFBundleDisplayName = Framer;
				INFOPLIST_KEY_NSPhotoLibraryUsageDescription = "Framer needs access to your photo library to select and process photos.";
				INFOPLIST_KEY_UIAppFonts = "[AtkinsonHyperlegibleNext-Regular.ttf, AtkinsonHyperlegibleNext-Medium.ttf, AtkinsonHyperlegibleNext-SemiBold.ttf, AtkinsonHyperlegibleNext-Bold.ttf, SourceCodePro-Regular.ttf, SourceCodePro-Medium.ttf]";
				INFOPLIST_KEY_UILaunchScreen_Generation = YES;
				INFOPLIST_KEY_UISupportedInterfaceOrientations = UIInterfaceOrientationPortrait;
				IPHONEOS_DEPLOYMENT_TARGET = 17.0;
				LD_RUNPATH_SEARCH_PATHS = (
					"$(inherited)",
					"@executable_path/Frameworks",
				);
				MARKETING_VERSION = 1.0.0;
				PRODUCT_BUNDLE_IDENTIFIER = com.arthursoares.FramerMobile;
				SDKROOT = iphoneos;
				SWIFT_ACTIVE_COMPILATION_CONDITIONS = DEBUG;
				SWIFT_STRICT_CONCURRENCY = complete;
				TARGETED_DEVICE_FAMILY = "1,2";
			};
			name = Debug;
		};
		A99268E5FC1C8F4167000F1C /* Release */ = {
			isa = XCBuildConfiguration;
			buildSettings = {
				BUNDLE_LOADER = "$(TEST_HOST)";
				GENERATE_INFOPLIST_FILE = YES;
				IPHONEOS_DEPLOYMENT_TARGET = 17.0;
				LD_RUNPATH_SEARCH_PATHS = (
					"$(inherited)",
					"@executable_path/Frameworks",
					"@loader_path/Frameworks",
				);
				PRODUCT_BUNDLE_IDENTIFIER = com.arthursoares.FramerMobileUITests;
				SDKROOT = iphoneos;
				TARGETED_DEVICE_FAMILY = "1,2";
				TEST_TARGET_NAME = FramerMobile;
			};
			name = Release;
		};
		B0D32A6973F9D7F8161AA847 /* Release */ = {
			isa = XCBuildConfiguration;
			buildSettings = {
				ASSETCATALOG_COMPILER_APPICON_NAME = AppIcon;
				CODE_SIGN_IDENTITY = "iPhone Developer";
				CODE_SIGN_STYLE = Automatic;
				CURRENT_PROJECT_VERSION = 1;
				DEVELOPMENT_TEAM = QLW5M4WG7H;
				GENERATE_INFOPLIST_FILE = YES;
				INFOPLIST_KEY_CFBundleDisplayName = Framer;
				INFOPLIST_KEY_NSPhotoLibraryUsageDescription = "Framer needs access to your photo library to select and process photos.";
				INFOPLIST_KEY_UIAppFonts = "[AtkinsonHyperlegibleNext-Regular.ttf, AtkinsonHyperlegibleNext-Medium.ttf, AtkinsonHyperlegibleNext-SemiBold.ttf, AtkinsonHyperlegibleNext-Bold.ttf, SourceCodePro-Regular.ttf, SourceCodePro-Medium.ttf]";
				INFOPLIST_KEY_UILaunchScreen_Generation = YES;
				INFOPLIST_KEY_UISupportedInterfaceOrientations = UIInterfaceOrientationPortrait;
				IPHONEOS_DEPLOYMENT_TARGET = 17.0;
				LD_RUNPATH_SEARCH_PATHS = (
					"$(inherited)",
					"@executable_path/Frameworks",
				);
				MARKETING_VERSION = 1.0.0;
				PRODUCT_BUNDLE_IDENTIFIER = com.arthursoares.FramerMobile;
				SDKROOT = iphoneos;
				SWIFT_ACTIVE_COMPILATION_CONDITIONS = "";
				SWIFT_STRICT_CONCURRENCY = complete;
				TARGETED_DEVICE_FAMILY = "1,2";
			};
			name = Release;
		};
		D61B54E664FAAF2CEB92EBE1 /* Debug */ = {
			isa = XCBuildConfiguration;
			buildSettings = {
				BUNDLE_LOADER = "$(TEST_HOST)";
				COMBINE_HIDPI_IMAGES = YES;
				GENERATE_INFOPLIST_FILE = YES;
				LD_RUNPATH_SEARCH_PATHS = (
					"$(inherited)",
					"@executable_path/Frameworks",
					"@loader_path/Frameworks",
				);
				PRODUCT_BUNDLE_IDENTIFIER = com.arthursoares.FramerUITests;
				SDKROOT = macosx;
				TEST_TARGET_NAME = Framer;
			};
			name = Debug;
		};
/* End XCBuildConfiguration section */

/* Begin XCConfigurationList section */
		0D6F9EE34F609EA0596A0333 /* Build configuration list for PBXNativeTarget "FramerUITests" */ = {
			isa = XCConfigurationList;
			buildConfigurations = (
				D61B54E664FAAF2CEB92EBE1 /* Debug */,
				6A3FE63FBE141849A0BDFA48 /* Release */,
			);
			defaultConfigurationIsVisible = 0;
			defaultConfigurationName = Debug;
		};
		11707A86017160924A93195A /* Build configuration list for PBXNativeTarget "FramerMobileUITests" */ = {
			isa = XCConfigurationList;
			buildConfigurations = (
				0A43EE88232C7C16C055218C /* Debug */,
				A99268E5FC1C8F4167000F1C /* Release */,
			);
			defaultConfigurationIsVisible = 0;
			defaultConfigurationName = Debug;
		};
		574C6649FA5221AF13B369DF /* Build configuration list for PBXProject "Framer" */ = {
			isa = XCConfigurationList;
			buildConfigurations = (
				6CFD7FAF682F27C46D4426AC /* Debug */,
				41587073A487953D58C95438 /* Release */,
			);
			defaultConfigurationIsVisible = 0;
			defaultConfigurationName = Debug;
		};
		6208556A4027EAE804ADCFAB /* Build configuration list for PBXNativeTarget "Framer" */ = {
			isa = XCConfigurationList;
			buildConfigurations = (
				027A0E1D68C8FA07873E42C9 /* Debug */,
				7C3D093BF9D3D9C96A44987E /* Release */,
			);
			defaultConfigurationIsVisible = 0;
			defaultConfigurationName = Debug;
		};
		946EAEF167671F8646E55745 /* Build configuration list for PBXNativeTarget "FramerMobile" */ = {
			isa = XCConfigurationList;
			buildConfigurations = (
				9962975C118DC3861230BF1C /* Debug */,
				B0D32A6973F9D7F8161AA847 /* Release */,
			);
			defaultConfigurationIsVisible = 0;
			defaultConfigurationName = Debug;
		};
/* End XCConfigurationList section */

/* Begin XCLocalSwiftPackageReference section */
		4B05723A617308862895A16A /* XCLocalSwiftPackageReference "." */ = {
			isa = XCLocalSwiftPackageReference;
			relativePath = .;
		};
/* End XCLocalSwiftPackageReference section */

/* Begin XCSwiftPackageProductDependency section */
		485E1F7CDB2606E54DEE58BD /* FramerCore */ = {
			isa = XCSwiftPackageProductDependency;
			productName = FramerCore;
		};
		EEF28B51AF5CD9A4B0B9F055 /* FramerCore */ = {
			isa = XCSwiftPackageProductDependency;
			productName = FramerCore;
		};
/* End XCSwiftPackageProductDependency section */
	};
	rootObject = 270BB2514E9354A729F67D29 /* Project object */;
}
